// !$*UTF8*$!
{
	archiveVersion = 1;
	classes = {
	};
	objectVersion = 70;
	objects = {

/* Begin PBXBuildFile section */
		1909F39C2BEB98F600E3B8F0 /* SubjectRelationsView.swift in Sources */ = {isa = PBXBuildFile; fileRef = 1909F39B2BEB98F600E3B8F0 /* SubjectRelationsView.swift */; };
		1909F3AB2BEC406500E3B8F0 /* SubjectCharactersView.swift in Sources */ = {isa = PBXBuildFile; fileRef = 1909F3AA2BEC406500E3B8F0 /* SubjectCharactersView.swift */; };
		1909F3B42BECF9D100E3B8F0 /* CharacterView.swift in Sources */ = {isa = PBXBuildFile; fileRef = 1909F3B32BECF9D100E3B8F0 /* CharacterView.swift */; };
		1909F3B62BECFAC400E3B8F0 /* character.json in Resources */ = {isa = PBXBuildFile; fileRef = 1909F3B52BECFAC400E3B8F0 /* character.json */; };
		1915A89A2BEFB942003DB76D /* CharacterCastsView.swift in Sources */ = {isa = PBXBuildFile; fileRef = 1915A8992BEFB942003DB76D /* CharacterCastsView.swift */; };
		1915A89E2BF09E6B003DB76D /* SubjectRelationListView.swift in Sources */ = {isa = PBXBuildFile; fileRef = 1915A89D2BF09E6B003DB76D /* SubjectRelationListView.swift */; };
		1915A8A02BF09F4D003DB76D /* SubjectCharacterListView.swift in Sources */ = {isa = PBXBuildFile; fileRef = 1915A89F2BF09F4D003DB76D /* SubjectCharacterListView.swift */; };
		1918813F2CD0803100B4DAD7 /* PhoneView.swift in Sources */ = {isa = PBXBuildFile; fileRef = 1918813E2CD0802E00B4DAD7 /* PhoneView.swift */; };
		191881412CD0804800B4DAD7 /* PadView.swift in Sources */ = {isa = PBXBuildFile; fileRef = 191881402CD0804600B4DAD7 /* PadView.swift */; };
		191CF1A62CC09F25000EF819 /* BorderView.swift in Sources */ = {isa = PBXBuildFile; fileRef = 191CF1A52CC09F1E000EF819 /* BorderView.swift */; };
		1930110E2C00F08A008DCEBF /* CollectionSubjectTypeView.swift in Sources */ = {isa = PBXBuildFile; fileRef = 1930110D2C00F08A008DCEBF /* CollectionSubjectTypeView.swift */; };
		1943C5082C08CD2E0067ACDB /* StarsView.swift in Sources */ = {isa = PBXBuildFile; fileRef = 1943C5072C08CD2E0067ACDB /* StarsView.swift */; };
		194484232BF4C68B002EC925 /* CollectionListView.swift in Sources */ = {isa = PBXBuildFile; fileRef = 194484222BF4C68B002EC925 /* CollectionListView.swift */; };
		194484252BF4DD5E002EC925 /* CollectionRowView.swift in Sources */ = {isa = PBXBuildFile; fileRef = 194484242BF4DD5E002EC925 /* CollectionRowView.swift */; };
		19671C542BDEB55D000B4D99 /* SubjectLargeRowView.swift in Sources */ = {isa = PBXBuildFile; fileRef = 19671C2E2BDEB55D000B4D99 /* SubjectLargeRowView.swift */; };
		19671C552BDEB55D000B4D99 /* SubjectCollectionView.swift in Sources */ = {isa = PBXBuildFile; fileRef = 19671C302BDEB55D000B4D99 /* SubjectCollectionView.swift */; };
		19671C562BDEB55D000B4D99 /* SubjectHeaderView.swift in Sources */ = {isa = PBXBuildFile; fileRef = 19671C312BDEB55D000B4D99 /* SubjectHeaderView.swift */; };
		19671C572BDEB55D000B4D99 /* SubjectRatingBoxView.swift in Sources */ = {isa = PBXBuildFile; fileRef = 19671C322BDEB55D000B4D99 /* SubjectRatingBoxView.swift */; };
		19671C582BDEB55D000B4D99 /* SubjectView.swift in Sources */ = {isa = PBXBuildFile; fileRef = 19671C332BDEB55D000B4D99 /* SubjectView.swift */; };
		19671C592BDEB55D000B4D99 /* SubjectSummaryView.swift in Sources */ = {isa = PBXBuildFile; fileRef = 19671C342BDEB55D000B4D99 /* SubjectSummaryView.swift */; };
		19671C5B2BDEB55D000B4D99 /* CalendarView.swift in Sources */ = {isa = PBXBuildFile; fileRef = 19671C372BDEB55D000B4D99 /* CalendarView.swift */; };
		19671C5D2BDEB55D000B4D99 /* ImageView.swift in Sources */ = {isa = PBXBuildFile; fileRef = 19671C392BDEB55D000B4D99 /* ImageView.swift */; };
		19671C5E2BDEB55D000B4D99 /* LoadingView.swift in Sources */ = {isa = PBXBuildFile; fileRef = 19671C3A2BDEB55D000B4D99 /* LoadingView.swift */; };
		19671C5F2BDEB55D000B4D99 /* ProgressRowView.swift in Sources */ = {isa = PBXBuildFile; fileRef = 19671C3B2BDEB55D000B4D99 /* ProgressRowView.swift */; };
		19671C602BDEB55D000B4D99 /* Basis.swift in Sources */ = {isa = PBXBuildFile; fileRef = 19671C3D2BDEB55D000B4D99 /* Basis.swift */; };
		19671C622BDEB55D000B4D99 /* Core.swift in Sources */ = {isa = PBXBuildFile; fileRef = 19671C3F2BDEB55D000B4D99 /* Core.swift */; };
		19671C662BDEB55D000B4D99 /* Preview Assets.xcassets in Resources */ = {isa = PBXBuildFile; fileRef = 19671C442BDEB55D000B4D99 /* Preview Assets.xcassets */; };
		19671C672BDEB55D000B4D99 /* subject_anime.json in Resources */ = {isa = PBXBuildFile; fileRef = 19671C452BDEB55D000B4D99 /* subject_anime.json */; };
		19671C692BDEB55D000B4D99 /* AuthView.swift in Sources */ = {isa = PBXBuildFile; fileRef = 19671C482BDEB55D000B4D99 /* AuthView.swift */; };
		19671C6A2BDEB55D000B4D99 /* ContentView.swift in Sources */ = {isa = PBXBuildFile; fileRef = 19671C492BDEB55D000B4D99 /* ContentView.swift */; };
		19671C6B2BDEB55D000B4D99 /* SearchView.swift in Sources */ = {isa = PBXBuildFile; fileRef = 19671C4A2BDEB55D000B4D99 /* SearchView.swift */; };
		19671C6C2BDEB55D000B4D99 /* ProgressView.swift in Sources */ = {isa = PBXBuildFile; fileRef = 19671C4B2BDEB55D000B4D99 /* ProgressView.swift */; };
		19671C6E2BDEB55D000B4D99 /* Assets.xcassets in Resources */ = {isa = PBXBuildFile; fileRef = 19671C4E2BDEB55D000B4D99 /* Assets.xcassets */; };
		19671C6F2BDEB55D000B4D99 /* ChobitsApp.swift in Sources */ = {isa = PBXBuildFile; fileRef = 19671C4F2BDEB55D000B4D99 /* ChobitsApp.swift */; };
		19671C732BDEB8B1000B4D99 /* KeychainSwift in Frameworks */ = {isa = PBXBuildFile; productRef = 19671C722BDEB8B1000B4D99 /* KeychainSwift */; };
		1968C5DD2CD5010C00242103 /* Flow in Frameworks */ = {isa = PBXBuildFile; productRef = 1968C5DC2CD5010C00242103 /* Flow */; };
		19742A5C2D069AC3008791CC /* InfoboxView.swift in Sources */ = {isa = PBXBuildFile; fileRef = 19742A5B2D069AC3008791CC /* InfoboxView.swift */; };
		19742A5E2D069AD1008791CC /* CharacterInfoboxView.swift in Sources */ = {isa = PBXBuildFile; fileRef = 19742A5D2D069AD1008791CC /* CharacterInfoboxView.swift */; };
		19742A602D069AE1008791CC /* PersonInfoboxView.swift in Sources */ = {isa = PBXBuildFile; fileRef = 19742A5F2D069AE1008791CC /* PersonInfoboxView.swift */; };
		197A19CB2BE5E59900804B13 /* Logger.swift in Sources */ = {isa = PBXBuildFile; fileRef = 197A19CA2BE5E59900804B13 /* Logger.swift */; };
		197A19CF2BE5E5E700804B13 /* Notifier.swift in Sources */ = {isa = PBXBuildFile; fileRef = 197A19CE2BE5E5E700804B13 /* Notifier.swift */; };
		197A19D12BE6304D00804B13 /* EpisodeCollectionBoxView.swift in Sources */ = {isa = PBXBuildFile; fileRef = 197A19D02BE6304D00804B13 /* EpisodeCollectionBoxView.swift */; };
		197A19D62BE6729A00804B13 /* Auth.swift in Sources */ = {isa = PBXBuildFile; fileRef = 197A19D52BE6729A00804B13 /* Auth.swift */; };
		197A19D82BE672E000804B13 /* Extension.swift in Sources */ = {isa = PBXBuildFile; fileRef = 197A19D72BE672E000804B13 /* Extension.swift */; };
		197A19DA2BE6733A00804B13 /* Error.swift in Sources */ = {isa = PBXBuildFile; fileRef = 197A19D92BE6733A00804B13 /* Error.swift */; };
		197A19E02BE696E200804B13 /* EpisodeGridView.swift in Sources */ = {isa = PBXBuildFile; fileRef = 197A19DF2BE696E200804B13 /* EpisodeGridView.swift */; };
		197A19E42BE699CF00804B13 /* EpisodeListView.swift in Sources */ = {isa = PBXBuildFile; fileRef = 197A19E32BE699CF00804B13 /* EpisodeListView.swift */; };
		1980EE002BE418C800E013EA /* subject_episodes.json in Resources */ = {isa = PBXBuildFile; fileRef = 1980EDFF2BE418C800E013EA /* subject_episodes.json */; };
		1980EE022BE419D500E013EA /* episode_collections.json in Resources */ = {isa = PBXBuildFile; fileRef = 1980EE012BE419D500E013EA /* episode_collections.json */; };
		1998DCFB2CB1066F00115E1F /* SubjectTopicsView.swift in Sources */ = {isa = PBXBuildFile; fileRef = 1998DCFA2CB1066700115E1F /* SubjectTopicsView.swift */; };
		1998DCFD2CB10A5C00115E1F /* SubjectTopicListView.swift in Sources */ = {isa = PBXBuildFile; fileRef = 1998DCFC2CB10A5700115E1F /* SubjectTopicListView.swift */; };
		1998DCFF2CB10B7F00115E1F /* subject_topics.json in Resources */ = {isa = PBXBuildFile; fileRef = 1998DCFE2CB10B7900115E1F /* subject_topics.json */; };
		1998DD052CB11F9C00115E1F /* SubjectCommentsVIew.swift in Sources */ = {isa = PBXBuildFile; fileRef = 1998DD042CB11F9700115E1F /* SubjectCommentsVIew.swift */; };
		1998DD072CB1222400115E1F /* subject_comments.json in Resources */ = {isa = PBXBuildFile; fileRef = 1998DD062CB1221E00115E1F /* subject_comments.json */; };
		1998DD092CB122BC00115E1F /* SubjectCommentListView.swift in Sources */ = {isa = PBXBuildFile; fileRef = 1998DD082CB122B600115E1F /* SubjectCommentListView.swift */; };
		19B87C252CFB313B00CB5B63 /* user_subject_collection_anime.json in Resources */ = {isa = PBXBuildFile; fileRef = 19B87C242CFB313700CB5B63 /* user_subject_collection_anime.json */; };
		19B87C272CFB31A600CB5B63 /* user_subject_collection_book.json in Resources */ = {isa = PBXBuildFile; fileRef = 19B87C262CFB319F00CB5B63 /* user_subject_collection_book.json */; };
		19B9002E2BED15B600405F0F /* PersonView.swift in Sources */ = {isa = PBXBuildFile; fileRef = 19B9002D2BED15B600405F0F /* PersonView.swift */; };
		19B900302BED16FE00405F0F /* person.json in Resources */ = {isa = PBXBuildFile; fileRef = 19B9002F2BED16FE00405F0F /* person.json */; };
		19B900322BED1EF300405F0F /* SubjectInfoboxView.swift in Sources */ = {isa = PBXBuildFile; fileRef = 19B900312BED1EF300405F0F /* SubjectInfoboxView.swift */; };
		19B900402BEEE23600405F0F /* ChartView.swift in Sources */ = {isa = PBXBuildFile; fileRef = 19B9003F2BEEE23600405F0F /* ChartView.swift */; };
		19BD24262BE9C53800595973 /* Kingfisher in Frameworks */ = {isa = PBXBuildFile; productRef = 19BD24252BE9C53800595973 /* Kingfisher */; };
		19BD24282BE9F22B00595973 /* Load.swift in Sources */ = {isa = PBXBuildFile; fileRef = 19BD24272BE9F22B00595973 /* Load.swift */; };
		19BD242E2BEB2F3400595973 /* Setting.swift in Sources */ = {isa = PBXBuildFile; fileRef = 19BD242D2BEB2F3400595973 /* Setting.swift */; };
		19BD24302BEB3C3B00595973 /* SettingsView.swift in Sources */ = {isa = PBXBuildFile; fileRef = 19BD242F2BEB3C3B00595973 /* SettingsView.swift */; };
		19C2CE5D2BE1E7B10080A056 /* NotFoundView.swift in Sources */ = {isa = PBXBuildFile; fileRef = 19C2CE5C2BE1E7B10080A056 /* NotFoundView.swift */; };
		19C2CE612BE2538A0080A056 /* subject_book.json in Resources */ = {isa = PBXBuildFile; fileRef = 19C2CE602BE2538A0080A056 /* subject_book.json */; };
		19C2CE632BE2A4F10080A056 /* SubjectBookChaptersView.swift in Sources */ = {isa = PBXBuildFile; fileRef = 19C2CE622BE2A4F10080A056 /* SubjectBookChaptersView.swift */; };
		19C2CE652BE2ACE60080A056 /* profile.json in Resources */ = {isa = PBXBuildFile; fileRef = 19C2CE642BE2ACE60080A056 /* profile.json */; };
		19C2CE692BE330F60080A056 /* SubjectCollectionBoxView.swift in Sources */ = {isa = PBXBuildFile; fileRef = 19C2CE682BE330F60080A056 /* SubjectCollectionBoxView.swift */; };
		19E0E5072BF34F0E00066EB7 /* CollectionsView.swift in Sources */ = {isa = PBXBuildFile; fileRef = 19E0E5062BF34F0E00066EB7 /* CollectionsView.swift */; };
		19ECCDA12CFC21160092F715 /* PageView.swift in Sources */ = {isa = PBXBuildFile; fileRef = 19ECCDA02CFC21160092F715 /* PageView.swift */; };
		19ECCDA32CFC74C50092F715 /* user_subject_collections.json in Resources */ = {isa = PBXBuildFile; fileRef = 19ECCDA22CFC74C50092F715 /* user_subject_collections.json */; };
		19ECCDC82CFC986E0092F715 /* Html.swift in Sources */ = {isa = PBXBuildFile; fileRef = 19ECCDC72CFC986B0092F715 /* Html.swift */; };
		19ECCDEF2CFD43CD0092F715 /* Wrapper.swift in Sources */ = {isa = PBXBuildFile; fileRef = 19ECCDEE2CFD43CA0092F715 /* Wrapper.swift */; };
		19ECCE132CFD5B6B0092F715 /* CardView.swift in Sources */ = {isa = PBXBuildFile; fileRef = 19ECCE122CFD5B6B0092F715 /* CardView.swift */; };
		19ECCEC12CFF16860092F715 /* SubjectRecsView.swift in Sources */ = {isa = PBXBuildFile; fileRef = 19ECCEC02CFF167F0092F715 /* SubjectRecsView.swift */; };
		19ECCEE52CFF38D90092F715 /* CharacterCastListView.swift in Sources */ = {isa = PBXBuildFile; fileRef = 19ECCEE42CFF38CD0092F715 /* CharacterCastListView.swift */; };
		19ECCF092CFF3D2D0092F715 /* CharacterCastItemView.swift in Sources */ = {isa = PBXBuildFile; fileRef = 19ECCF082CFF3D2D0092F715 /* CharacterCastItemView.swift */; };
		19ECCF0E2CFF58490092F715 /* PersonWorksView.swift in Sources */ = {isa = PBXBuildFile; fileRef = 19ECCF0D2CFF58490092F715 /* PersonWorksView.swift */; };
		19ECCF0F2CFF58490092F715 /* PersonWorkListView.swift in Sources */ = {isa = PBXBuildFile; fileRef = 19ECCF0C2CFF58490092F715 /* PersonWorkListView.swift */; };
		19ECCF132CFF60430092F715 /* PersonCastListView.swift in Sources */ = {isa = PBXBuildFile; fileRef = 19ECCF112CFF60430092F715 /* PersonCastListView.swift */; };
		19ECCF142CFF60430092F715 /* PersonCastsView.swift in Sources */ = {isa = PBXBuildFile; fileRef = 19ECCF122CFF60430092F715 /* PersonCastsView.swift */; };
		19ECCF152CFF60430092F715 /* PersonCastItemView.swift in Sources */ = {isa = PBXBuildFile; fileRef = 19ECCF102CFF60430092F715 /* PersonCastItemView.swift */; };
		19ECCF392CFFDEDC0092F715 /* SubjectStaffListView.swift in Sources */ = {isa = PBXBuildFile; fileRef = 19ECCF382CFFDEDC0092F715 /* SubjectStaffListView.swift */; };
		19F8C3D82BE73B830037D723 /* Navigation.swift in Sources */ = {isa = PBXBuildFile; fileRef = 19F8C3D72BE73B820037D723 /* Navigation.swift */; };
/* End PBXBuildFile section */

/* Begin PBXFileReference section */
		1909F39B2BEB98F600E3B8F0 /* SubjectRelationsView.swift */ = {isa = PBXFileReference; lastKnownFileType = sourcecode.swift; path = SubjectRelationsView.swift; sourceTree = "<group>"; };
		1909F3AA2BEC406500E3B8F0 /* SubjectCharactersView.swift */ = {isa = PBXFileReference; lastKnownFileType = sourcecode.swift; path = SubjectCharactersView.swift; sourceTree = "<group>"; };
		1909F3B32BECF9D100E3B8F0 /* CharacterView.swift */ = {isa = PBXFileReference; lastKnownFileType = sourcecode.swift; path = CharacterView.swift; sourceTree = "<group>"; };
		1909F3B52BECFAC400E3B8F0 /* character.json */ = {isa = PBXFileReference; fileEncoding = 4; lastKnownFileType = text.json; path = character.json; sourceTree = "<group>"; };
		1915A8992BEFB942003DB76D /* CharacterCastsView.swift */ = {isa = PBXFileReference; lastKnownFileType = sourcecode.swift; path = CharacterCastsView.swift; sourceTree = "<group>"; };
		1915A89D2BF09E6B003DB76D /* SubjectRelationListView.swift */ = {isa = PBXFileReference; lastKnownFileType = sourcecode.swift; path = SubjectRelationListView.swift; sourceTree = "<group>"; };
		1915A89F2BF09F4D003DB76D /* SubjectCharacterListView.swift */ = {isa = PBXFileReference; lastKnownFileType = sourcecode.swift; path = SubjectCharacterListView.swift; sourceTree = "<group>"; };
		1918813E2CD0802E00B4DAD7 /* PhoneView.swift */ = {isa = PBXFileReference; lastKnownFileType = sourcecode.swift; path = PhoneView.swift; sourceTree = "<group>"; };
		191881402CD0804600B4DAD7 /* PadView.swift */ = {isa = PBXFileReference; lastKnownFileType = sourcecode.swift; path = PadView.swift; sourceTree = "<group>"; };
		191CF1A52CC09F1E000EF819 /* BorderView.swift */ = {isa = PBXFileReference; lastKnownFileType = sourcecode.swift; path = BorderView.swift; sourceTree = "<group>"; };
		1930110D2C00F08A008DCEBF /* CollectionSubjectTypeView.swift */ = {isa = PBXFileReference; lastKnownFileType = sourcecode.swift; path = CollectionSubjectTypeView.swift; sourceTree = "<group>"; };
		1943C5072C08CD2E0067ACDB /* StarsView.swift */ = {isa = PBXFileReference; lastKnownFileType = sourcecode.swift; path = StarsView.swift; sourceTree = "<group>"; };
		194484222BF4C68B002EC925 /* CollectionListView.swift */ = {isa = PBXFileReference; lastKnownFileType = sourcecode.swift; path = CollectionListView.swift; sourceTree = "<group>"; };
		194484242BF4DD5E002EC925 /* CollectionRowView.swift */ = {isa = PBXFileReference; lastKnownFileType = sourcecode.swift; path = CollectionRowView.swift; sourceTree = "<group>"; };
		19671C2E2BDEB55D000B4D99 /* SubjectLargeRowView.swift */ = {isa = PBXFileReference; fileEncoding = 4; lastKnownFileType = sourcecode.swift; path = SubjectLargeRowView.swift; sourceTree = "<group>"; };
		19671C302BDEB55D000B4D99 /* SubjectCollectionView.swift */ = {isa = PBXFileReference; fileEncoding = 4; lastKnownFileType = sourcecode.swift; path = SubjectCollectionView.swift; sourceTree = "<group>"; };
		19671C312BDEB55D000B4D99 /* SubjectHeaderView.swift */ = {isa = PBXFileReference; fileEncoding = 4; lastKnownFileType = sourcecode.swift; path = SubjectHeaderView.swift; sourceTree = "<group>"; };
		19671C322BDEB55D000B4D99 /* SubjectRatingBoxView.swift */ = {isa = PBXFileReference; fileEncoding = 4; lastKnownFileType = sourcecode.swift; path = SubjectRatingBoxView.swift; sourceTree = "<group>"; };
		19671C332BDEB55D000B4D99 /* SubjectView.swift */ = {isa = PBXFileReference; fileEncoding = 4; lastKnownFileType = sourcecode.swift; path = SubjectView.swift; sourceTree = "<group>"; };
		19671C342BDEB55D000B4D99 /* SubjectSummaryView.swift */ = {isa = PBXFileReference; fileEncoding = 4; lastKnownFileType = sourcecode.swift; path = SubjectSummaryView.swift; sourceTree = "<group>"; };
		19671C372BDEB55D000B4D99 /* CalendarView.swift */ = {isa = PBXFileReference; fileEncoding = 4; lastKnownFileType = sourcecode.swift; path = CalendarView.swift; sourceTree = "<group>"; };
		19671C392BDEB55D000B4D99 /* ImageView.swift */ = {isa = PBXFileReference; fileEncoding = 4; lastKnownFileType = sourcecode.swift; path = ImageView.swift; sourceTree = "<group>"; };
		19671C3A2BDEB55D000B4D99 /* LoadingView.swift */ = {isa = PBXFileReference; fileEncoding = 4; lastKnownFileType = sourcecode.swift; path = LoadingView.swift; sourceTree = "<group>"; };
		19671C3B2BDEB55D000B4D99 /* ProgressRowView.swift */ = {isa = PBXFileReference; fileEncoding = 4; lastKnownFileType = sourcecode.swift; path = ProgressRowView.swift; sourceTree = "<group>"; };
		19671C3D2BDEB55D000B4D99 /* Basis.swift */ = {isa = PBXFileReference; fileEncoding = 4; lastKnownFileType = sourcecode.swift; path = Basis.swift; sourceTree = "<group>"; };
		19671C3F2BDEB55D000B4D99 /* Core.swift */ = {isa = PBXFileReference; fileEncoding = 4; lastKnownFileType = sourcecode.swift; path = Core.swift; sourceTree = "<group>"; };
		19671C442BDEB55D000B4D99 /* Preview Assets.xcassets */ = {isa = PBXFileReference; lastKnownFileType = folder.assetcatalog; path = "Preview Assets.xcassets"; sourceTree = "<group>"; };
		19671C452BDEB55D000B4D99 /* subject_anime.json */ = {isa = PBXFileReference; fileEncoding = 4; lastKnownFileType = text.json; path = subject_anime.json; sourceTree = "<group>"; };
		19671C482BDEB55D000B4D99 /* AuthView.swift */ = {isa = PBXFileReference; fileEncoding = 4; lastKnownFileType = sourcecode.swift; path = AuthView.swift; sourceTree = "<group>"; };
		19671C492BDEB55D000B4D99 /* ContentView.swift */ = {isa = PBXFileReference; fileEncoding = 4; lastKnownFileType = sourcecode.swift; path = ContentView.swift; sourceTree = "<group>"; };
		19671C4A2BDEB55D000B4D99 /* SearchView.swift */ = {isa = PBXFileReference; fileEncoding = 4; lastKnownFileType = sourcecode.swift; path = SearchView.swift; sourceTree = "<group>"; };
		19671C4B2BDEB55D000B4D99 /* ProgressView.swift */ = {isa = PBXFileReference; fileEncoding = 4; lastKnownFileType = sourcecode.swift; path = ProgressView.swift; sourceTree = "<group>"; };
		19671C4E2BDEB55D000B4D99 /* Assets.xcassets */ = {isa = PBXFileReference; lastKnownFileType = folder.assetcatalog; path = Assets.xcassets; sourceTree = "<group>"; };
		19671C4F2BDEB55D000B4D99 /* ChobitsApp.swift */ = {isa = PBXFileReference; fileEncoding = 4; lastKnownFileType = sourcecode.swift; path = ChobitsApp.swift; sourceTree = "<group>"; };
		19671C502BDEB55D000B4D99 /* Config.xcconfig */ = {isa = PBXFileReference; fileEncoding = 4; lastKnownFileType = text.xcconfig; path = Config.xcconfig; sourceTree = "<group>"; };
		19671C512BDEB55D000B4D99 /* Info.plist */ = {isa = PBXFileReference; fileEncoding = 4; lastKnownFileType = text.plist.xml; path = Info.plist; sourceTree = "<group>"; };
		19742A5B2D069AC3008791CC /* InfoboxView.swift */ = {isa = PBXFileReference; lastKnownFileType = sourcecode.swift; path = InfoboxView.swift; sourceTree = "<group>"; };
		19742A5D2D069AD1008791CC /* CharacterInfoboxView.swift */ = {isa = PBXFileReference; lastKnownFileType = sourcecode.swift; path = CharacterInfoboxView.swift; sourceTree = "<group>"; };
		19742A5F2D069AE1008791CC /* PersonInfoboxView.swift */ = {isa = PBXFileReference; lastKnownFileType = sourcecode.swift; path = PersonInfoboxView.swift; sourceTree = "<group>"; };
		197A19CA2BE5E59900804B13 /* Logger.swift */ = {isa = PBXFileReference; lastKnownFileType = sourcecode.swift; path = Logger.swift; sourceTree = "<group>"; };
		197A19CE2BE5E5E700804B13 /* Notifier.swift */ = {isa = PBXFileReference; lastKnownFileType = sourcecode.swift; path = Notifier.swift; sourceTree = "<group>"; };
		197A19D02BE6304D00804B13 /* EpisodeCollectionBoxView.swift */ = {isa = PBXFileReference; lastKnownFileType = sourcecode.swift; path = EpisodeCollectionBoxView.swift; sourceTree = "<group>"; };
		197A19D52BE6729A00804B13 /* Auth.swift */ = {isa = PBXFileReference; lastKnownFileType = sourcecode.swift; path = Auth.swift; sourceTree = "<group>"; };
		197A19D72BE672E000804B13 /* Extension.swift */ = {isa = PBXFileReference; lastKnownFileType = sourcecode.swift; path = Extension.swift; sourceTree = "<group>"; };
		197A19D92BE6733A00804B13 /* Error.swift */ = {isa = PBXFileReference; lastKnownFileType = sourcecode.swift; path = Error.swift; sourceTree = "<group>"; };
		197A19DF2BE696E200804B13 /* EpisodeGridView.swift */ = {isa = PBXFileReference; lastKnownFileType = sourcecode.swift; path = EpisodeGridView.swift; sourceTree = "<group>"; };
		197A19E32BE699CF00804B13 /* EpisodeListView.swift */ = {isa = PBXFileReference; lastKnownFileType = sourcecode.swift; path = EpisodeListView.swift; sourceTree = "<group>"; };
		1980EDFF2BE418C800E013EA /* subject_episodes.json */ = {isa = PBXFileReference; lastKnownFileType = text.json; path = subject_episodes.json; sourceTree = "<group>"; };
		1980EE012BE419D500E013EA /* episode_collections.json */ = {isa = PBXFileReference; lastKnownFileType = text.json; path = episode_collections.json; sourceTree = "<group>"; };
		1998DCFA2CB1066700115E1F /* SubjectTopicsView.swift */ = {isa = PBXFileReference; lastKnownFileType = sourcecode.swift; path = SubjectTopicsView.swift; sourceTree = "<group>"; };
		1998DCFC2CB10A5700115E1F /* SubjectTopicListView.swift */ = {isa = PBXFileReference; lastKnownFileType = sourcecode.swift; path = SubjectTopicListView.swift; sourceTree = "<group>"; };
		1998DCFE2CB10B7900115E1F /* subject_topics.json */ = {isa = PBXFileReference; lastKnownFileType = text.json; path = subject_topics.json; sourceTree = "<group>"; };
		1998DD042CB11F9700115E1F /* SubjectCommentsVIew.swift */ = {isa = PBXFileReference; lastKnownFileType = sourcecode.swift; path = SubjectCommentsVIew.swift; sourceTree = "<group>"; };
		1998DD062CB1221E00115E1F /* subject_comments.json */ = {isa = PBXFileReference; lastKnownFileType = text.json; path = subject_comments.json; sourceTree = "<group>"; };
		1998DD082CB122B600115E1F /* SubjectCommentListView.swift */ = {isa = PBXFileReference; lastKnownFileType = sourcecode.swift; path = SubjectCommentListView.swift; sourceTree = "<group>"; };
		19B87C242CFB313700CB5B63 /* user_subject_collection_anime.json */ = {isa = PBXFileReference; lastKnownFileType = text.json; path = user_subject_collection_anime.json; sourceTree = "<group>"; };
		19B87C262CFB319F00CB5B63 /* user_subject_collection_book.json */ = {isa = PBXFileReference; lastKnownFileType = text.json; path = user_subject_collection_book.json; sourceTree = "<group>"; };
		19B9002D2BED15B600405F0F /* PersonView.swift */ = {isa = PBXFileReference; lastKnownFileType = sourcecode.swift; path = PersonView.swift; sourceTree = "<group>"; };
		19B9002F2BED16FE00405F0F /* person.json */ = {isa = PBXFileReference; fileEncoding = 4; lastKnownFileType = text.json; path = person.json; sourceTree = "<group>"; };
		19B900312BED1EF300405F0F /* SubjectInfoboxView.swift */ = {isa = PBXFileReference; lastKnownFileType = sourcecode.swift; path = SubjectInfoboxView.swift; sourceTree = "<group>"; };
		19B9003F2BEEE23600405F0F /* ChartView.swift */ = {isa = PBXFileReference; lastKnownFileType = sourcecode.swift; path = ChartView.swift; sourceTree = "<group>"; };
		19BB342B2BD239AB00E5C295 /* Chobits.app */ = {isa = PBXFileReference; explicitFileType = wrapper.application; includeInIndex = 0; path = Chobits.app; sourceTree = BUILT_PRODUCTS_DIR; };
		19BD24272BE9F22B00595973 /* Load.swift */ = {isa = PBXFileReference; lastKnownFileType = sourcecode.swift; path = Load.swift; sourceTree = "<group>"; };
		19BD242D2BEB2F3400595973 /* Setting.swift */ = {isa = PBXFileReference; lastKnownFileType = sourcecode.swift; path = Setting.swift; sourceTree = "<group>"; };
		19BD242F2BEB3C3B00595973 /* SettingsView.swift */ = {isa = PBXFileReference; lastKnownFileType = sourcecode.swift; path = SettingsView.swift; sourceTree = "<group>"; };
		19C2CE5C2BE1E7B10080A056 /* NotFoundView.swift */ = {isa = PBXFileReference; lastKnownFileType = sourcecode.swift; path = NotFoundView.swift; sourceTree = "<group>"; };
		19C2CE602BE2538A0080A056 /* subject_book.json */ = {isa = PBXFileReference; lastKnownFileType = text.json; path = subject_book.json; sourceTree = "<group>"; };
		19C2CE622BE2A4F10080A056 /* SubjectBookChaptersView.swift */ = {isa = PBXFileReference; lastKnownFileType = sourcecode.swift; path = SubjectBookChaptersView.swift; sourceTree = "<group>"; };
		19C2CE642BE2ACE60080A056 /* profile.json */ = {isa = PBXFileReference; lastKnownFileType = text.json; path = profile.json; sourceTree = "<group>"; };
		19C2CE682BE330F60080A056 /* SubjectCollectionBoxView.swift */ = {isa = PBXFileReference; lastKnownFileType = sourcecode.swift; path = SubjectCollectionBoxView.swift; sourceTree = "<group>"; };
		19E0E5062BF34F0E00066EB7 /* CollectionsView.swift */ = {isa = PBXFileReference; lastKnownFileType = sourcecode.swift; path = CollectionsView.swift; sourceTree = "<group>"; };
		19ECCDA02CFC21160092F715 /* PageView.swift */ = {isa = PBXFileReference; lastKnownFileType = sourcecode.swift; path = PageView.swift; sourceTree = "<group>"; };
		19ECCDA22CFC74C50092F715 /* user_subject_collections.json */ = {isa = PBXFileReference; lastKnownFileType = text.json; path = user_subject_collections.json; sourceTree = "<group>"; };
		19ECCDC72CFC986B0092F715 /* Html.swift */ = {isa = PBXFileReference; lastKnownFileType = sourcecode.swift; path = Html.swift; sourceTree = "<group>"; };
		19ECCDEE2CFD43CA0092F715 /* Wrapper.swift */ = {isa = PBXFileReference; lastKnownFileType = sourcecode.swift; path = Wrapper.swift; sourceTree = "<group>"; };
		19ECCE122CFD5B6B0092F715 /* CardView.swift */ = {isa = PBXFileReference; lastKnownFileType = sourcecode.swift; path = CardView.swift; sourceTree = "<group>"; };
		19ECCEC02CFF167F0092F715 /* SubjectRecsView.swift */ = {isa = PBXFileReference; lastKnownFileType = sourcecode.swift; path = SubjectRecsView.swift; sourceTree = "<group>"; };
		19ECCEE42CFF38CD0092F715 /* CharacterCastListView.swift */ = {isa = PBXFileReference; lastKnownFileType = sourcecode.swift; path = CharacterCastListView.swift; sourceTree = "<group>"; };
		19ECCF082CFF3D2D0092F715 /* CharacterCastItemView.swift */ = {isa = PBXFileReference; lastKnownFileType = sourcecode.swift; path = CharacterCastItemView.swift; sourceTree = "<group>"; };
		19ECCF0C2CFF58490092F715 /* PersonWorkListView.swift */ = {isa = PBXFileReference; lastKnownFileType = sourcecode.swift; path = PersonWorkListView.swift; sourceTree = "<group>"; };
		19ECCF0D2CFF58490092F715 /* PersonWorksView.swift */ = {isa = PBXFileReference; lastKnownFileType = sourcecode.swift; path = PersonWorksView.swift; sourceTree = "<group>"; };
		19ECCF102CFF60430092F715 /* PersonCastItemView.swift */ = {isa = PBXFileReference; lastKnownFileType = sourcecode.swift; path = PersonCastItemView.swift; sourceTree = "<group>"; };
		19ECCF112CFF60430092F715 /* PersonCastListView.swift */ = {isa = PBXFileReference; lastKnownFileType = sourcecode.swift; path = PersonCastListView.swift; sourceTree = "<group>"; };
		19ECCF122CFF60430092F715 /* PersonCastsView.swift */ = {isa = PBXFileReference; lastKnownFileType = sourcecode.swift; path = PersonCastsView.swift; sourceTree = "<group>"; };
		19ECCF382CFFDEDC0092F715 /* SubjectStaffListView.swift */ = {isa = PBXFileReference; lastKnownFileType = sourcecode.swift; path = SubjectStaffListView.swift; sourceTree = "<group>"; };
		19F8C3D72BE73B820037D723 /* Navigation.swift */ = {isa = PBXFileReference; lastKnownFileType = sourcecode.swift; path = Navigation.swift; sourceTree = "<group>"; };
/* End PBXFileReference section */

/* Begin PBXFileSystemSynchronizedRootGroup section */
		1998DCCC2CAE8A9800115E1F /* Database */ = {isa = PBXFileSystemSynchronizedRootGroup; explicitFileTypes = {}; explicitFolders = (); path = Database; sourceTree = "<group>"; };
		1998DCDE2CAF398800115E1F /* Public */ = {isa = PBXFileSystemSynchronizedRootGroup; explicitFileTypes = {}; explicitFolders = (); path = Public; sourceTree = "<group>"; };
		1998DCDF2CAF99FE00115E1F /* Private */ = {isa = PBXFileSystemSynchronizedRootGroup; explicitFileTypes = {}; explicitFolders = (); path = Private; sourceTree = "<group>"; };
		1998DCF22CAFDA5400115E1F /* Timeline */ = {isa = PBXFileSystemSynchronizedRootGroup; explicitFileTypes = {}; explicitFolders = (); path = Timeline; sourceTree = "<group>"; };
		1998DCF62CB023B000115E1F /* User */ = {isa = PBXFileSystemSynchronizedRootGroup; explicitFileTypes = {}; explicitFolders = (); path = User; sourceTree = "<group>"; };
		1998DD002CB10E7E00115E1F /* Topic */ = {isa = PBXFileSystemSynchronizedRootGroup; explicitFileTypes = {}; explicitFolders = (); path = Topic; sourceTree = "<group>"; };
/* End PBXFileSystemSynchronizedRootGroup section */

/* Begin PBXFrameworksBuildPhase section */
		19BB34282BD239AB00E5C295 /* Frameworks */ = {
			isa = PBXFrameworksBuildPhase;
			buildActionMask = 2147483647;
			files = (
				19BD24262BE9C53800595973 /* Kingfisher in Frameworks */,
				19671C732BDEB8B1000B4D99 /* KeychainSwift in Frameworks */,
				1968C5DD2CD5010C00242103 /* Flow in Frameworks */,
			);
			runOnlyForDeploymentPostprocessing = 0;
		};
/* End PBXFrameworksBuildPhase section */

/* Begin PBXGroup section */
		1909F3B22BECF9A900E3B8F0 /* Character */ = {
			isa = PBXGroup;
			children = (
				1909F3B32BECF9D100E3B8F0 /* CharacterView.swift */,
				19742A5D2D069AD1008791CC /* CharacterInfoboxView.swift */,
				19ECCF082CFF3D2D0092F715 /* CharacterCastItemView.swift */,
				19ECCEE42CFF38CD0092F715 /* CharacterCastListView.swift */,
				1915A8992BEFB942003DB76D /* CharacterCastsView.swift */,
			);
			path = Character;
			sourceTree = "<group>";
		};
		19671C362BDEB55D000B4D99 /* Subject */ = {
			isa = PBXGroup;
			children = (
				19671C332BDEB55D000B4D99 /* SubjectView.swift */,
				19671C312BDEB55D000B4D99 /* SubjectHeaderView.swift */,
				19B900312BED1EF300405F0F /* SubjectInfoboxView.swift */,
				19671C302BDEB55D000B4D99 /* SubjectCollectionView.swift */,
				19C2CE682BE330F60080A056 /* SubjectCollectionBoxView.swift */,
				19C2CE622BE2A4F10080A056 /* SubjectBookChaptersView.swift */,
				19671C342BDEB55D000B4D99 /* SubjectSummaryView.swift */,
				19ECCF382CFFDEDC0092F715 /* SubjectStaffListView.swift */,
				19671C2E2BDEB55D000B4D99 /* SubjectLargeRowView.swift */,
				19671C322BDEB55D000B4D99 /* SubjectRatingBoxView.swift */,
				1909F3AA2BEC406500E3B8F0 /* SubjectCharactersView.swift */,
				19ECCEC02CFF167F0092F715 /* SubjectRecsView.swift */,
				1915A89F2BF09F4D003DB76D /* SubjectCharacterListView.swift */,
				1909F39B2BEB98F600E3B8F0 /* SubjectRelationsView.swift */,
				1915A89D2BF09E6B003DB76D /* SubjectRelationListView.swift */,
				1998DCFA2CB1066700115E1F /* SubjectTopicsView.swift */,
				1998DCFC2CB10A5700115E1F /* SubjectTopicListView.swift */,
				1998DD042CB11F9700115E1F /* SubjectCommentsVIew.swift */,
				1998DD082CB122B600115E1F /* SubjectCommentListView.swift */,
			);
			path = Subject;
			sourceTree = "<group>";
		};
		19671C3C2BDEB55D000B4D99 /* Components */ = {
			isa = PBXGroup;
			children = (
				19ECCE122CFD5B6B0092F715 /* CardView.swift */,
				191CF1A52CC09F1E000EF819 /* BorderView.swift */,
				19742A5B2D069AC3008791CC /* InfoboxView.swift */,
				19ECCDA02CFC21160092F715 /* PageView.swift */,
				19671C392BDEB55D000B4D99 /* ImageView.swift */,
				1943C5072C08CD2E0067ACDB /* StarsView.swift */,
				19B9003F2BEEE23600405F0F /* ChartView.swift */,
				19671C3A2BDEB55D000B4D99 /* LoadingView.swift */,
				19C2CE5C2BE1E7B10080A056 /* NotFoundView.swift */,
			);
			path = Components;
			sourceTree = "<group>";
		};
		19671C472BDEB55D000B4D99 /* Preview Content */ = {
			isa = PBXGroup;
			children = (
				19671C442BDEB55D000B4D99 /* Preview Assets.xcassets */,
				19C2CE602BE2538A0080A056 /* subject_book.json */,
				19671C452BDEB55D000B4D99 /* subject_anime.json */,
				19B87C242CFB313700CB5B63 /* user_subject_collection_anime.json */,
				19B87C262CFB319F00CB5B63 /* user_subject_collection_book.json */,
				1998DCFE2CB10B7900115E1F /* subject_topics.json */,
				1998DD062CB1221E00115E1F /* subject_comments.json */,
				1909F3B52BECFAC400E3B8F0 /* character.json */,
				19ECCDA22CFC74C50092F715 /* user_subject_collections.json */,
				19B9002F2BED16FE00405F0F /* person.json */,
				19C2CE642BE2ACE60080A056 /* profile.json */,
				1980EDFF2BE418C800E013EA /* subject_episodes.json */,
				1980EE012BE419D500E013EA /* episode_collections.json */,
			);
			path = "Preview Content";
			sourceTree = "<group>";
		};
		19671C4D2BDEB55D000B4D99 /* Views */ = {
			isa = PBXGroup;
			children = (
				1998DD002CB10E7E00115E1F /* Topic */,
				1998DCF62CB023B000115E1F /* User */,
				1998DCF22CAFDA5400115E1F /* Timeline */,
				19E0E5052BF34EE700066EB7 /* Collection */,
				19B9003E2BEEE20500405F0F /* Discover */,
				19B9003D2BEEE1C400405F0F /* Progress */,
				197A19E52BE69B0600804B13 /* Episode */,
				19671C362BDEB55D000B4D99 /* Subject */,
				1909F3B22BECF9A900E3B8F0 /* Character */,
				19B9002C2BED158700405F0F /* Person */,
				19671C492BDEB55D000B4D99 /* ContentView.swift */,
				1918813E2CD0802E00B4DAD7 /* PhoneView.swift */,
				191881402CD0804600B4DAD7 /* PadView.swift */,
				19671C482BDEB55D000B4D99 /* AuthView.swift */,
				19BD242F2BEB3C3B00595973 /* SettingsView.swift */,
			);
			path = Views;
			sourceTree = "<group>";
		};
		19671C522BDEB55D000B4D99 /* Chobits */ = {
			isa = PBXGroup;
			children = (
				1998DCCC2CAE8A9800115E1F /* Database */,
				197A19D22BE671DA00804B13 /* Client */,
				19671C3C2BDEB55D000B4D99 /* Components */,
				19B900412BEF035500405F0F /* Helpers */,
				19671C4D2BDEB55D000B4D99 /* Views */,
				19671C472BDEB55D000B4D99 /* Preview Content */,
				19671C4F2BDEB55D000B4D99 /* ChobitsApp.swift */,
				19671C4E2BDEB55D000B4D99 /* Assets.xcassets */,
				19671C502BDEB55D000B4D99 /* Config.xcconfig */,
				19671C512BDEB55D000B4D99 /* Info.plist */,
			);
			path = Chobits;
			sourceTree = "<group>";
		};
		197A19D22BE671DA00804B13 /* Client */ = {
			isa = PBXGroup;
			children = (
				1998DCDF2CAF99FE00115E1F /* Private */,
				1998DCDE2CAF398800115E1F /* Public */,
				19671C3D2BDEB55D000B4D99 /* Basis.swift */,
				19671C3F2BDEB55D000B4D99 /* Core.swift */,
				197A19D52BE6729A00804B13 /* Auth.swift */,
				19BD24272BE9F22B00595973 /* Load.swift */,
			);
			path = Client;
			sourceTree = "<group>";
		};
		197A19E52BE69B0600804B13 /* Episode */ = {
			isa = PBXGroup;
			children = (
				197A19D02BE6304D00804B13 /* EpisodeCollectionBoxView.swift */,
				197A19DF2BE696E200804B13 /* EpisodeGridView.swift */,
				197A19E32BE699CF00804B13 /* EpisodeListView.swift */,
			);
			path = Episode;
			sourceTree = "<group>";
		};
		19B9002C2BED158700405F0F /* Person */ = {
			isa = PBXGroup;
			children = (
				19B9002D2BED15B600405F0F /* PersonView.swift */,
				19742A5F2D069AE1008791CC /* PersonInfoboxView.swift */,
				19ECCF0D2CFF58490092F715 /* PersonWorksView.swift */,
				19ECCF0C2CFF58490092F715 /* PersonWorkListView.swift */,
				19ECCF102CFF60430092F715 /* PersonCastItemView.swift */,
				19ECCF112CFF60430092F715 /* PersonCastListView.swift */,
				19ECCF122CFF60430092F715 /* PersonCastsView.swift */,
			);
			path = Person;
			sourceTree = "<group>";
		};
		19B9003D2BEEE1C400405F0F /* Progress */ = {
			isa = PBXGroup;
			children = (
				19671C4B2BDEB55D000B4D99 /* ProgressView.swift */,
				19671C3B2BDEB55D000B4D99 /* ProgressRowView.swift */,
			);
			path = Progress;
			sourceTree = "<group>";
		};
		19B9003E2BEEE20500405F0F /* Discover */ = {
			isa = PBXGroup;
			children = (
				19671C4A2BDEB55D000B4D99 /* SearchView.swift */,
				19671C372BDEB55D000B4D99 /* CalendarView.swift */,
			);
			path = Discover;
			sourceTree = "<group>";
		};
		19B900412BEF035500405F0F /* Helpers */ = {
			isa = PBXGroup;
			children = (
				197A19D92BE6733A00804B13 /* Error.swift */,
				19F8C3D72BE73B820037D723 /* Navigation.swift */,
				19ECCDC72CFC986B0092F715 /* Html.swift */,
				19ECCDEE2CFD43CA0092F715 /* Wrapper.swift */,
				197A19CA2BE5E59900804B13 /* Logger.swift */,
				197A19CE2BE5E5E700804B13 /* Notifier.swift */,
				19BD242D2BEB2F3400595973 /* Setting.swift */,
				197A19D72BE672E000804B13 /* Extension.swift */,
			);
			path = Helpers;
			sourceTree = "<group>";
		};
		19BB34222BD239AB00E5C295 = {
			isa = PBXGroup;
			children = (
				19671C522BDEB55D000B4D99 /* Chobits */,
				19BB342C2BD239AB00E5C295 /* Products */,
			);
			sourceTree = "<group>";
		};
		19BB342C2BD239AB00E5C295 /* Products */ = {
			isa = PBXGroup;
			children = (
				19BB342B2BD239AB00E5C295 /* Chobits.app */,
			);
			name = Products;
			sourceTree = "<group>";
		};
		19E0E5052BF34EE700066EB7 /* Collection */ = {
			isa = PBXGroup;
			children = (
				19E0E5062BF34F0E00066EB7 /* CollectionsView.swift */,
				1930110D2C00F08A008DCEBF /* CollectionSubjectTypeView.swift */,
				194484222BF4C68B002EC925 /* CollectionListView.swift */,
				194484242BF4DD5E002EC925 /* CollectionRowView.swift */,
			);
			path = Collection;
			sourceTree = "<group>";
		};
/* End PBXGroup section */

/* Begin PBXNativeTarget section */
		19BB342A2BD239AB00E5C295 /* Chobits */ = {
			isa = PBXNativeTarget;
			buildConfigurationList = 19BB343B2BD239AC00E5C295 /* Build configuration list for PBXNativeTarget "Chobits" */;
			buildPhases = (
				19BB34272BD239AB00E5C295 /* Sources */,
				19BB34282BD239AB00E5C295 /* Frameworks */,
				19BB34292BD239AB00E5C295 /* Resources */,
			);
			buildRules = (
			);
			dependencies = (
			);
			fileSystemSynchronizedGroups = (
				1998DCCC2CAE8A9800115E1F /* Database */,
				1998DCDE2CAF398800115E1F /* Public */,
				1998DCDF2CAF99FE00115E1F /* Private */,
				1998DCF22CAFDA5400115E1F /* Timeline */,
				1998DCF62CB023B000115E1F /* User */,
				1998DD002CB10E7E00115E1F /* Topic */,
			);
			name = Chobits;
			packageProductDependencies = (
				19671C722BDEB8B1000B4D99 /* KeychainSwift */,
				19BD24252BE9C53800595973 /* Kingfisher */,
				1968C5DC2CD5010C00242103 /* Flow */,
			);
			productName = Chobits;
			productReference = 19BB342B2BD239AB00E5C295 /* Chobits.app */;
			productType = "com.apple.product-type.application";
		};
/* End PBXNativeTarget section */

/* Begin PBXProject section */
		19BB34232BD239AB00E5C295 /* Project object */ = {
			isa = PBXProject;
			attributes = {
				BuildIndependentTargetsInParallel = 1;
				LastSwiftUpdateCheck = 1530;
				LastUpgradeCheck = 1530;
				TargetAttributes = {
					19BB342A2BD239AB00E5C295 = {
						CreatedOnToolsVersion = 15.3;
					};
				};
			};
			buildConfigurationList = 19BB34262BD239AB00E5C295 /* Build configuration list for PBXProject "Chobits" */;
			compatibilityVersion = "Xcode 14.0";
			developmentRegion = "zh-Hans";
			hasScannedForEncodings = 0;
			knownRegions = (
				Base,
				"zh-Hans",
			);
			mainGroup = 19BB34222BD239AB00E5C295;
			packageReferences = (
				191FEF252BDCF59B0047162A /* XCRemoteSwiftPackageReference "keychain-swift" */,
				19BD24242BE9C53800595973 /* XCRemoteSwiftPackageReference "Kingfisher" */,
				1968C5DB2CD5010C00242103 /* XCRemoteSwiftPackageReference "SwiftUI-Flow" */,
			);
			productRefGroup = 19BB342C2BD239AB00E5C295 /* Products */;
			projectDirPath = "";
			projectRoot = "";
			targets = (
				19BB342A2BD239AB00E5C295 /* Chobits */,
			);
		};
/* End PBXProject section */

/* Begin PBXResourcesBuildPhase section */
		19BB34292BD239AB00E5C295 /* Resources */ = {
			isa = PBXResourcesBuildPhase;
			buildActionMask = 2147483647;
			files = (
				1980EE002BE418C800E013EA /* subject_episodes.json in Resources */,
				19ECCDA32CFC74C50092F715 /* user_subject_collections.json in Resources */,
				19B900302BED16FE00405F0F /* person.json in Resources */,
				1998DD072CB1222400115E1F /* subject_comments.json in Resources */,
				19C2CE652BE2ACE60080A056 /* profile.json in Resources */,
				19C2CE612BE2538A0080A056 /* subject_book.json in Resources */,
				19B87C272CFB31A600CB5B63 /* user_subject_collection_book.json in Resources */,
				19B87C252CFB313B00CB5B63 /* user_subject_collection_anime.json in Resources */,
				1909F3B62BECFAC400E3B8F0 /* character.json in Resources */,
				1998DCFF2CB10B7F00115E1F /* subject_topics.json in Resources */,
				19671C672BDEB55D000B4D99 /* subject_anime.json in Resources */,
				19671C6E2BDEB55D000B4D99 /* Assets.xcassets in Resources */,
				19671C662BDEB55D000B4D99 /* Preview Assets.xcassets in Resources */,
				1980EE022BE419D500E013EA /* episode_collections.json in Resources */,
			);
			runOnlyForDeploymentPostprocessing = 0;
		};
/* End PBXResourcesBuildPhase section */

/* Begin PBXSourcesBuildPhase section */
		19BB34272BD239AB00E5C295 /* Sources */ = {
			isa = PBXSourcesBuildPhase;
			buildActionMask = 2147483647;
			files = (
				197A19CB2BE5E59900804B13 /* Logger.swift in Sources */,
				1909F3AB2BEC406500E3B8F0 /* SubjectCharactersView.swift in Sources */,
				197A19CF2BE5E5E700804B13 /* Notifier.swift in Sources */,
				1909F39C2BEB98F600E3B8F0 /* SubjectRelationsView.swift in Sources */,
				19ECCEE52CFF38D90092F715 /* CharacterCastListView.swift in Sources */,
				19F8C3D82BE73B830037D723 /* Navigation.swift in Sources */,
				19671C6A2BDEB55D000B4D99 /* ContentView.swift in Sources */,
				19671C562BDEB55D000B4D99 /* SubjectHeaderView.swift in Sources */,
				1918813F2CD0803100B4DAD7 /* PhoneView.swift in Sources */,
				19671C582BDEB55D000B4D99 /* SubjectView.swift in Sources */,
				19671C6F2BDEB55D000B4D99 /* ChobitsApp.swift in Sources */,
				19671C552BDEB55D000B4D99 /* SubjectCollectionView.swift in Sources */,
				19671C5F2BDEB55D000B4D99 /* ProgressRowView.swift in Sources */,
				19E0E5072BF34F0E00066EB7 /* CollectionsView.swift in Sources */,
				19671C692BDEB55D000B4D99 /* AuthView.swift in Sources */,
				19ECCF0E2CFF58490092F715 /* PersonWorksView.swift in Sources */,
				19ECCF0F2CFF58490092F715 /* PersonWorkListView.swift in Sources */,
				19742A5E2D069AD1008791CC /* CharacterInfoboxView.swift in Sources */,
				191CF1A62CC09F25000EF819 /* BorderView.swift in Sources */,
				19B900402BEEE23600405F0F /* ChartView.swift in Sources */,
				19ECCF092CFF3D2D0092F715 /* CharacterCastItemView.swift in Sources */,
				19ECCE132CFD5B6B0092F715 /* CardView.swift in Sources */,
				19671C5D2BDEB55D000B4D99 /* ImageView.swift in Sources */,
				19671C622BDEB55D000B4D99 /* Core.swift in Sources */,
				194484252BF4DD5E002EC925 /* CollectionRowView.swift in Sources */,
				19BD24282BE9F22B00595973 /* Load.swift in Sources */,
				19C2CE632BE2A4F10080A056 /* SubjectBookChaptersView.swift in Sources */,
				197A19DA2BE6733A00804B13 /* Error.swift in Sources */,
				19BD24302BEB3C3B00595973 /* SettingsView.swift in Sources */,
				19B9002E2BED15B600405F0F /* PersonView.swift in Sources */,
				19742A5C2D069AC3008791CC /* InfoboxView.swift in Sources */,
				1930110E2C00F08A008DCEBF /* CollectionSubjectTypeView.swift in Sources */,
				1909F3B42BECF9D100E3B8F0 /* CharacterView.swift in Sources */,
				19ECCDC82CFC986E0092F715 /* Html.swift in Sources */,
				19671C5E2BDEB55D000B4D99 /* LoadingView.swift in Sources */,
				1998DCFD2CB10A5C00115E1F /* SubjectTopicListView.swift in Sources */,
				19C2CE692BE330F60080A056 /* SubjectCollectionBoxView.swift in Sources */,
				191881412CD0804800B4DAD7 /* PadView.swift in Sources */,
				19671C572BDEB55D000B4D99 /* SubjectRatingBoxView.swift in Sources */,
				19C2CE5D2BE1E7B10080A056 /* NotFoundView.swift in Sources */,
				19742A602D069AE1008791CC /* PersonInfoboxView.swift in Sources */,
				19ECCDEF2CFD43CD0092F715 /* Wrapper.swift in Sources */,
				19ECCDA12CFC21160092F715 /* PageView.swift in Sources */,
				1998DCFB2CB1066F00115E1F /* SubjectTopicsView.swift in Sources */,
				19671C6B2BDEB55D000B4D99 /* SearchView.swift in Sources */,
				19ECCF392CFFDEDC0092F715 /* SubjectStaffListView.swift in Sources */,
				19671C5B2BDEB55D000B4D99 /* CalendarView.swift in Sources */,
				1915A89E2BF09E6B003DB76D /* SubjectRelationListView.swift in Sources */,
				19ECCF132CFF60430092F715 /* PersonCastListView.swift in Sources */,
				19ECCF142CFF60430092F715 /* PersonCastsView.swift in Sources */,
				19ECCF152CFF60430092F715 /* PersonCastItemView.swift in Sources */,
				19671C542BDEB55D000B4D99 /* SubjectLargeRowView.swift in Sources */,
				197A19E42BE699CF00804B13 /* EpisodeListView.swift in Sources */,
				1915A89A2BEFB942003DB76D /* CharacterCastsView.swift in Sources */,
				19BD242E2BEB2F3400595973 /* Setting.swift in Sources */,
				197A19E02BE696E200804B13 /* EpisodeGridView.swift in Sources */,
				19ECCEC12CFF16860092F715 /* SubjectRecsView.swift in Sources */,
				1915A8A02BF09F4D003DB76D /* SubjectCharacterListView.swift in Sources */,
				1998DD092CB122BC00115E1F /* SubjectCommentListView.swift in Sources */,
				19671C602BDEB55D000B4D99 /* Basis.swift in Sources */,
				194484232BF4C68B002EC925 /* CollectionListView.swift in Sources */,
				19B900322BED1EF300405F0F /* SubjectInfoboxView.swift in Sources */,
				197A19D12BE6304D00804B13 /* EpisodeCollectionBoxView.swift in Sources */,
				19671C6C2BDEB55D000B4D99 /* ProgressView.swift in Sources */,
				1998DD052CB11F9C00115E1F /* SubjectCommentsVIew.swift in Sources */,
				19671C592BDEB55D000B4D99 /* SubjectSummaryView.swift in Sources */,
				197A19D62BE6729A00804B13 /* Auth.swift in Sources */,
				1943C5082C08CD2E0067ACDB /* StarsView.swift in Sources */,
				197A19D82BE672E000804B13 /* Extension.swift in Sources */,
			);
			runOnlyForDeploymentPostprocessing = 0;
		};
/* End PBXSourcesBuildPhase section */

/* Begin XCBuildConfiguration section */
		19BB34392BD239AC00E5C295 /* Debug */ = {
			isa = XCBuildConfiguration;
			baseConfigurationReference = 19671C502BDEB55D000B4D99 /* Config.xcconfig */;
			buildSettings = {
				ALWAYS_SEARCH_USER_PATHS = NO;
				ASSETCATALOG_COMPILER_GENERATE_SWIFT_ASSET_SYMBOL_EXTENSIONS = YES;
				CLANG_ANALYZER_NONNULL = YES;
				CLANG_ANALYZER_NUMBER_OBJECT_CONVERSION = YES_AGGRESSIVE;
				CLANG_CXX_LANGUAGE_STANDARD = "gnu++20";
				CLANG_ENABLE_MODULES = YES;
				CLANG_ENABLE_OBJC_ARC = YES;
				CLANG_ENABLE_OBJC_WEAK = YES;
				CLANG_WARN_BLOCK_CAPTURE_AUTORELEASING = YES;
				CLANG_WARN_BOOL_CONVERSION = YES;
				CLANG_WARN_COMMA = YES;
				CLANG_WARN_CONSTANT_CONVERSION = YES;
				CLANG_WARN_DEPRECATED_OBJC_IMPLEMENTATIONS = YES;
				CLANG_WARN_DIRECT_OBJC_ISA_USAGE = YES_ERROR;
				CLANG_WARN_DOCUMENTATION_COMMENTS = YES;
				CLANG_WARN_EMPTY_BODY = YES;
				CLANG_WARN_ENUM_CONVERSION = YES;
				CLANG_WARN_INFINITE_RECURSION = YES;
				CLANG_WARN_INT_CONVERSION = YES;
				CLANG_WARN_NON_LITERAL_NULL_CONVERSION = YES;
				CLANG_WARN_OBJC_IMPLICIT_RETAIN_SELF = YES;
				CLANG_WARN_OBJC_LITERAL_CONVERSION = YES;
				CLANG_WARN_OBJC_ROOT_CLASS = YES_ERROR;
				CLANG_WARN_QUOTED_INCLUDE_IN_FRAMEWORK_HEADER = YES;
				CLANG_WARN_RANGE_LOOP_ANALYSIS = YES;
				CLANG_WARN_STRICT_PROTOTYPES = YES;
				CLANG_WARN_SUSPICIOUS_MOVE = YES;
				CLANG_WARN_UNGUARDED_AVAILABILITY = YES_AGGRESSIVE;
				CLANG_WARN_UNREACHABLE_CODE = YES;
				CLANG_WARN__DUPLICATE_METHOD_MATCH = YES;
				COPY_PHASE_STRIP = NO;
				DEBUG_INFORMATION_FORMAT = dwarf;
				ENABLE_STRICT_OBJC_MSGSEND = YES;
				ENABLE_TESTABILITY = YES;
				ENABLE_USER_SCRIPT_SANDBOXING = YES;
				GCC_C_LANGUAGE_STANDARD = gnu17;
				GCC_DYNAMIC_NO_PIC = NO;
				GCC_NO_COMMON_BLOCKS = YES;
				GCC_OPTIMIZATION_LEVEL = 0;
				GCC_PREPROCESSOR_DEFINITIONS = (
					"DEBUG=1",
					"$(inherited)",
				);
				GCC_WARN_64_TO_32_BIT_CONVERSION = YES;
				GCC_WARN_ABOUT_RETURN_TYPE = YES_ERROR;
				GCC_WARN_UNDECLARED_SELECTOR = YES;
				GCC_WARN_UNINITIALIZED_AUTOS = YES_AGGRESSIVE;
				GCC_WARN_UNUSED_FUNCTION = YES;
				GCC_WARN_UNUSED_VARIABLE = YES;
				IPHONEOS_DEPLOYMENT_TARGET = 17.4;
				LOCALIZATION_PREFERS_STRING_CATALOGS = YES;
				MTL_ENABLE_DEBUG_INFO = INCLUDE_SOURCE;
				MTL_FAST_MATH = YES;
				ONLY_ACTIVE_ARCH = YES;
				SDKROOT = iphoneos;
				SWIFT_ACTIVE_COMPILATION_CONDITIONS = "DEBUG $(inherited)";
				SWIFT_OPTIMIZATION_LEVEL = "-Onone";
			};
			name = Debug;
		};
		19BB343A2BD239AC00E5C295 /* Release */ = {
			isa = XCBuildConfiguration;
			baseConfigurationReference = 19671C502BDEB55D000B4D99 /* Config.xcconfig */;
			buildSettings = {
				ALWAYS_SEARCH_USER_PATHS = NO;
				ASSETCATALOG_COMPILER_GENERATE_SWIFT_ASSET_SYMBOL_EXTENSIONS = YES;
				CLANG_ANALYZER_NONNULL = YES;
				CLANG_ANALYZER_NUMBER_OBJECT_CONVERSION = YES_AGGRESSIVE;
				CLANG_CXX_LANGUAGE_STANDARD = "gnu++20";
				CLANG_ENABLE_MODULES = YES;
				CLANG_ENABLE_OBJC_ARC = YES;
				CLANG_ENABLE_OBJC_WEAK = YES;
				CLANG_WARN_BLOCK_CAPTURE_AUTORELEASING = YES;
				CLANG_WARN_BOOL_CONVERSION = YES;
				CLANG_WARN_COMMA = YES;
				CLANG_WARN_CONSTANT_CONVERSION = YES;
				CLANG_WARN_DEPRECATED_OBJC_IMPLEMENTATIONS = YES;
				CLANG_WARN_DIRECT_OBJC_ISA_USAGE = YES_ERROR;
				CLANG_WARN_DOCUMENTATION_COMMENTS = YES;
				CLANG_WARN_EMPTY_BODY = YES;
				CLANG_WARN_ENUM_CONVERSION = YES;
				CLANG_WARN_INFINITE_RECURSION = YES;
				CLANG_WARN_INT_CONVERSION = YES;
				CLANG_WARN_NON_LITERAL_NULL_CONVERSION = YES;
				CLANG_WARN_OBJC_IMPLICIT_RETAIN_SELF = YES;
				CLANG_WARN_OBJC_LITERAL_CONVERSION = YES;
				CLANG_WARN_OBJC_ROOT_CLASS = YES_ERROR;
				CLANG_WARN_QUOTED_INCLUDE_IN_FRAMEWORK_HEADER = YES;
				CLANG_WARN_RANGE_LOOP_ANALYSIS = YES;
				CLANG_WARN_STRICT_PROTOTYPES = YES;
				CLANG_WARN_SUSPICIOUS_MOVE = YES;
				CLANG_WARN_UNGUARDED_AVAILABILITY = YES_AGGRESSIVE;
				CLANG_WARN_UNREACHABLE_CODE = YES;
				CLANG_WARN__DUPLICATE_METHOD_MATCH = YES;
				COPY_PHASE_STRIP = NO;
				DEBUG_INFORMATION_FORMAT = "dwarf-with-dsym";
				ENABLE_NS_ASSERTIONS = NO;
				ENABLE_STRICT_OBJC_MSGSEND = YES;
				ENABLE_USER_SCRIPT_SANDBOXING = YES;
				GCC_C_LANGUAGE_STANDARD = gnu17;
				GCC_NO_COMMON_BLOCKS = YES;
				GCC_WARN_64_TO_32_BIT_CONVERSION = YES;
				GCC_WARN_ABOUT_RETURN_TYPE = YES_ERROR;
				GCC_WARN_UNDECLARED_SELECTOR = YES;
				GCC_WARN_UNINITIALIZED_AUTOS = YES_AGGRESSIVE;
				GCC_WARN_UNUSED_FUNCTION = YES;
				GCC_WARN_UNUSED_VARIABLE = YES;
				IPHONEOS_DEPLOYMENT_TARGET = 17.4;
				LOCALIZATION_PREFERS_STRING_CATALOGS = YES;
				MTL_ENABLE_DEBUG_INFO = NO;
				MTL_FAST_MATH = YES;
				SDKROOT = iphoneos;
				SWIFT_COMPILATION_MODE = wholemodule;
				VALIDATE_PRODUCT = YES;
			};
			name = Release;
		};
		19BB343C2BD239AC00E5C295 /* Debug */ = {
			isa = XCBuildConfiguration;
			buildSettings = {
				ASSETCATALOG_COMPILER_APPICON_NAME = AppIcon;
				ASSETCATALOG_COMPILER_GLOBAL_ACCENT_COLOR_NAME = AccentColor;
				ASSETCATALOG_COMPILER_INCLUDE_ALL_APPICON_ASSETS = NO;
				CODE_SIGN_STYLE = Automatic;
				CURRENT_PROJECT_VERSION = 86;
				DEVELOPMENT_ASSET_PATHS = "\"Chobits/Preview Content\"";
				DEVELOPMENT_TEAM = M777UHWZA4;
				ENABLE_PREVIEWS = YES;
				GENERATE_INFOPLIST_FILE = YES;
				INFOPLIST_FILE = Chobits/Info.plist;
				INFOPLIST_KEY_CFBundleDisplayName = Chobits;
				INFOPLIST_KEY_LSApplicationCategoryType = "public.app-category.utilities";
				INFOPLIST_KEY_UIApplicationSceneManifest_Generation = YES;
				INFOPLIST_KEY_UIApplicationSupportsIndirectInputEvents = YES;
				INFOPLIST_KEY_UILaunchScreen_Generation = YES;
				INFOPLIST_KEY_UISupportedInterfaceOrientations = UIInterfaceOrientationPortrait;
				INFOPLIST_KEY_UISupportedInterfaceOrientations_iPad = "UIInterfaceOrientationLandscapeLeft UIInterfaceOrientationLandscapeRight UIInterfaceOrientationPortrait UIInterfaceOrientationPortraitUpsideDown";
				IPHONEOS_DEPLOYMENT_TARGET = 17.0;
				LD_RUNPATH_SEARCH_PATHS = (
					"$(inherited)",
					"@executable_path/Frameworks",
				);
				MARKETING_VERSION = 1.0.0;
				PRODUCT_BUNDLE_IDENTIFIER = com.everpcpc.chobits;
				PRODUCT_NAME = "$(TARGET_NAME)";
				SWIFT_EMIT_LOC_STRINGS = YES;
				SWIFT_VERSION = 6.0;
				TARGETED_DEVICE_FAMILY = "1,2";
			};
			name = Debug;
		};
		19BB343D2BD239AC00E5C295 /* Release */ = {
			isa = XCBuildConfiguration;
			buildSettings = {
				ASSETCATALOG_COMPILER_APPICON_NAME = AppIcon;
				ASSETCATALOG_COMPILER_GLOBAL_ACCENT_COLOR_NAME = AccentColor;
				ASSETCATALOG_COMPILER_INCLUDE_ALL_APPICON_ASSETS = NO;
				CODE_SIGN_STYLE = Automatic;
				CURRENT_PROJECT_VERSION = 86;
				DEVELOPMENT_ASSET_PATHS = "\"Chobits/Preview Content\"";
				DEVELOPMENT_TEAM = M777UHWZA4;
				ENABLE_PREVIEWS = YES;
				GENERATE_INFOPLIST_FILE = YES;
				INFOPLIST_FILE = Chobits/Info.plist;
				INFOPLIST_KEY_CFBundleDisplayName = Chobits;
				INFOPLIST_KEY_LSApplicationCategoryType = "public.app-category.utilities";
				INFOPLIST_KEY_UIApplicationSceneManifest_Generation = YES;
				INFOPLIST_KEY_UIApplicationSupportsIndirectInputEvents = YES;
				INFOPLIST_KEY_UILaunchScreen_Generation = YES;
				INFOPLIST_KEY_UISupportedInterfaceOrientations = UIInterfaceOrientationPortrait;
				INFOPLIST_KEY_UISupportedInterfaceOrientations_iPad = "UIInterfaceOrientationLandscapeLeft UIInterfaceOrientationLandscapeRight UIInterfaceOrientationPortrait UIInterfaceOrientationPortraitUpsideDown";
				IPHONEOS_DEPLOYMENT_TARGET = 17.0;
				LD_RUNPATH_SEARCH_PATHS = (
					"$(inherited)",
					"@executable_path/Frameworks",
				);
				MARKETING_VERSION = 1.0.0;
				PRODUCT_BUNDLE_IDENTIFIER = com.everpcpc.chobits;
				PRODUCT_NAME = "$(TARGET_NAME)";
				SWIFT_EMIT_LOC_STRINGS = YES;
				SWIFT_VERSION = 6.0;
				TARGETED_DEVICE_FAMILY = "1,2";
			};
			name = Release;
		};
/* End XCBuildConfiguration section */

/* Begin XCConfigurationList section */
		19BB34262BD239AB00E5C295 /* Build configuration list for PBXProject "Chobits" */ = {
			isa = XCConfigurationList;
			buildConfigurations = (
				19BB34392BD239AC00E5C295 /* Debug */,
				19BB343A2BD239AC00E5C295 /* Release */,
			);
			defaultConfigurationIsVisible = 0;
			defaultConfigurationName = Release;
		};
		19BB343B2BD239AC00E5C295 /* Build configuration list for PBXNativeTarget "Chobits" */ = {
			isa = XCConfigurationList;
			buildConfigurations = (
				19BB343C2BD239AC00E5C295 /* Debug */,
				19BB343D2BD239AC00E5C295 /* Release */,
			);
			defaultConfigurationIsVisible = 0;
			defaultConfigurationName = Release;
		};
/* End XCConfigurationList section */

/* Begin XCRemoteSwiftPackageReference section */
		191FEF252BDCF59B0047162A /* XCRemoteSwiftPackageReference "keychain-swift" */ = {
			isa = XCRemoteSwiftPackageReference;
			repositoryURL = "https://github.com/evgenyneu/keychain-swift.git";
			requirement = {
				kind = upToNextMajorVersion;
				minimumVersion = 24.0.0;
			};
		};
		1968C5DB2CD5010C00242103 /* XCRemoteSwiftPackageReference "SwiftUI-Flow" */ = {
			isa = XCRemoteSwiftPackageReference;
			repositoryURL = "https://github.com/tevelee/SwiftUI-Flow";
			requirement = {
				kind = upToNextMajorVersion;
				minimumVersion = 2.5.0;
			};
		};
		19BD24242BE9C53800595973 /* XCRemoteSwiftPackageReference "Kingfisher" */ = {
			isa = XCRemoteSwiftPackageReference;
			repositoryURL = "https://github.com/onevcat/Kingfisher.git";
			requirement = {
				kind = upToNextMajorVersion;
				minimumVersion = 7.11.0;
			};
		};
/* End XCRemoteSwiftPackageReference section */

/* Begin XCSwiftPackageProductDependency section */
		19671C722BDEB8B1000B4D99 /* KeychainSwift */ = {
			isa = XCSwiftPackageProductDependency;
			package = 191FEF252BDCF59B0047162A /* XCRemoteSwiftPackageReference "keychain-swift" */;
			productName = KeychainSwift;
		};
		1968C5DC2CD5010C00242103 /* Flow */ = {
			isa = XCSwiftPackageProductDependency;
			package = 1968C5DB2CD5010C00242103 /* XCRemoteSwiftPackageReference "SwiftUI-Flow" */;
			productName = Flow;
		};
		19BD24252BE9C53800595973 /* Kingfisher */ = {
			isa = XCSwiftPackageProductDependency;
			package = 19BD24242BE9C53800595973 /* XCRemoteSwiftPackageReference "Kingfisher" */;
			productName = Kingfisher;
		};
/* End XCSwiftPackageProductDependency section */
	};
	rootObject = 19BB34232BD239AB00E5C295 /* Project object */;
}
