// !$*UTF8*$!
{
	archiveVersion = 1;
	classes = {
	};
	objectVersion = 56;
	objects = {

/* Begin PBXBuildFile section */
		19A03A452BD24BA800BC5E53 /* ProgressView.swift in Sources */ = {isa = PBXBuildFile; fileRef = 19A03A442BD24BA800BC5E53 /* ProgressView.swift */; };
		19A03A472BD24F9700BC5E53 /* DiscoverView.swift in Sources */ = {isa = PBXBuildFile; fileRef = 19A03A462BD24F9700BC5E53 /* DiscoverView.swift */; };
		19A03A4B2BD274EF00BC5E53 /* TimelineView.swift in Sources */ = {isa = PBXBuildFile; fileRef = 19A03A4A2BD274EF00BC5E53 /* TimelineView.swift */; };
		19A03A4D2BD2A9BE00BC5E53 /* AuthView.swift in Sources */ = {isa = PBXBuildFile; fileRef = 19A03A4C2BD2A9BE00BC5E53 /* AuthView.swift */; };
		19A03A512BD49A5F00BC5E53 /* Response.swift in Sources */ = {isa = PBXBuildFile; fileRef = 19A03A502BD49A5F00BC5E53 /* Response.swift */; };
		19A03A532BD49AF600BC5E53 /* Client.swift in Sources */ = {isa = PBXBuildFile; fileRef = 19A03A522BD49AF600BC5E53 /* Client.swift */; };
		19A03A562BD4BBF700BC5E53 /* UserCollectionRow.swift in Sources */ = {isa = PBXBuildFile; fileRef = 19A03A552BD4BBF700BC5E53 /* UserCollectionRow.swift */; };
		19BB342F2BD239AB00E5C295 /* BangumiApp.swift in Sources */ = {isa = PBXBuildFile; fileRef = 19BB342E2BD239AB00E5C295 /* BangumiApp.swift */; };
		19BB34312BD239AB00E5C295 /* ContentView.swift in Sources */ = {isa = PBXBuildFile; fileRef = 19BB34302BD239AB00E5C295 /* ContentView.swift */; };
		19BB34332BD239AB00E5C295 /* Chii.swift in Sources */ = {isa = PBXBuildFile; fileRef = 19BB34322BD239AB00E5C295 /* Chii.swift */; };
		19BB34352BD239AC00E5C295 /* Assets.xcassets in Resources */ = {isa = PBXBuildFile; fileRef = 19BB34342BD239AC00E5C295 /* Assets.xcassets */; };
		19BB34382BD239AC00E5C295 /* Preview Assets.xcassets in Resources */ = {isa = PBXBuildFile; fileRef = 19BB34372BD239AC00E5C295 /* Preview Assets.xcassets */; };
/* End PBXBuildFile section */

/* Begin PBXFileReference section */
		19A03A442BD24BA800BC5E53 /* ProgressView.swift */ = {isa = PBXFileReference; lastKnownFileType = sourcecode.swift; path = ProgressView.swift; sourceTree = "<group>"; };
		19A03A462BD24F9700BC5E53 /* DiscoverView.swift */ = {isa = PBXFileReference; lastKnownFileType = sourcecode.swift; path = DiscoverView.swift; sourceTree = "<group>"; };
		19A03A482BD26AC100BC5E53 /* Config.xcconfig */ = {isa = PBXFileReference; lastKnownFileType = text.xcconfig; path = Config.xcconfig; sourceTree = "<group>"; };
		19A03A492BD26D0A00BC5E53 /* Info.plist */ = {isa = PBXFileReference; lastKnownFileType = text.plist; path = Info.plist; sourceTree = "<group>"; };
		19A03A4A2BD274EF00BC5E53 /* TimelineView.swift */ = {isa = PBXFileReference; lastKnownFileType = sourcecode.swift; path = TimelineView.swift; sourceTree = "<group>"; };
		19A03A4C2BD2A9BE00BC5E53 /* AuthView.swift */ = {isa = PBXFileReference; lastKnownFileType = sourcecode.swift; path = AuthView.swift; sourceTree = "<group>"; };
		19A03A502BD49A5F00BC5E53 /* Response.swift */ = {isa = PBXFileReference; lastKnownFileType = sourcecode.swift; path = Response.swift; sourceTree = "<group>"; };
		19A03A522BD49AF600BC5E53 /* Client.swift */ = {isa = PBXFileReference; lastKnownFileType = sourcecode.swift; path = Client.swift; sourceTree = "<group>"; };
		19A03A552BD4BBF700BC5E53 /* UserCollectionRow.swift */ = {isa = PBXFileReference; lastKnownFileType = sourcecode.swift; path = UserCollectionRow.swift; sourceTree = "<group>"; };
		19BB342B2BD239AB00E5C295 /* Bangumi.app */ = {isa = PBXFileReference; explicitFileType = wrapper.application; includeInIndex = 0; path = Bangumi.app; sourceTree = BUILT_PRODUCTS_DIR; };
		19BB342E2BD239AB00E5C295 /* BangumiApp.swift */ = {isa = PBXFileReference; lastKnownFileType = sourcecode.swift; path = BangumiApp.swift; sourceTree = "<group>"; };
		19BB34302BD239AB00E5C295 /* ContentView.swift */ = {isa = PBXFileReference; lastKnownFileType = sourcecode.swift; path = ContentView.swift; sourceTree = "<group>"; };
		19BB34322BD239AB00E5C295 /* Chii.swift */ = {isa = PBXFileReference; lastKnownFileType = sourcecode.swift; path = Chii.swift; sourceTree = "<group>"; };
		19BB34342BD239AC00E5C295 /* Assets.xcassets */ = {isa = PBXFileReference; lastKnownFileType = folder.assetcatalog; path = Assets.xcassets; sourceTree = "<group>"; };
		19BB34372BD239AC00E5C295 /* Preview Assets.xcassets */ = {isa = PBXFileReference; lastKnownFileType = folder.assetcatalog; path = "Preview Assets.xcassets"; sourceTree = "<group>"; };
/* End PBXFileReference section */

/* Begin PBXFrameworksBuildPhase section */
		19BB34282BD239AB00E5C295 /* Frameworks */ = {
			isa = PBXFrameworksBuildPhase;
			buildActionMask = 2147483647;
			files = (
			);
			runOnlyForDeploymentPostprocessing = 0;
		};
/* End PBXFrameworksBuildPhase section */

/* Begin PBXGroup section */
		19A03A4E2BD40B1800BC5E53 /* Views */ = {
			isa = PBXGroup;
			children = (
				19A03A4C2BD2A9BE00BC5E53 /* AuthView.swift */,
				19BB34302BD239AB00E5C295 /* ContentView.swift */,
				19A03A462BD24F9700BC5E53 /* DiscoverView.swift */,
				19A03A4A2BD274EF00BC5E53 /* TimelineView.swift */,
				19A03A442BD24BA800BC5E53 /* ProgressView.swift */,
			);
			path = Views;
			sourceTree = "<group>";
		};
		19A03A4F2BD40B4300BC5E53 /* Models */ = {
			isa = PBXGroup;
			children = (
				19BB34322BD239AB00E5C295 /* Chii.swift */,
				19A03A502BD49A5F00BC5E53 /* Response.swift */,
				19A03A522BD49AF600BC5E53 /* Client.swift */,
			);
			path = Models;
			sourceTree = "<group>";
		};
		19A03A542BD4BBBD00BC5E53 /* Components */ = {
			isa = PBXGroup;
			children = (
				19A03A552BD4BBF700BC5E53 /* UserCollectionRow.swift */,
			);
			path = Components;
			sourceTree = "<group>";
		};
		19BB34222BD239AB00E5C295 = {
			isa = PBXGroup;
			children = (
				19BB342D2BD239AB00E5C295 /* Bangumi */,
				19BB342C2BD239AB00E5C295 /* Products */,
			);
			sourceTree = "<group>";
		};
		19BB342C2BD239AB00E5C295 /* Products */ = {
			isa = PBXGroup;
			children = (
				19BB342B2BD239AB00E5C295 /* Bangumi.app */,
			);
			name = Products;
			sourceTree = "<group>";
		};
		19BB342D2BD239AB00E5C295 /* Bangumi */ = {
			isa = PBXGroup;
			children = (
				19A03A4F2BD40B4300BC5E53 /* Models */,
				19A03A4E2BD40B1800BC5E53 /* Views */,
				19A03A492BD26D0A00BC5E53 /* Info.plist */,
				19BB342E2BD239AB00E5C295 /* BangumiApp.swift */,
				19A03A542BD4BBBD00BC5E53 /* Components */,
				19BB34342BD239AC00E5C295 /* Assets.xcassets */,
				19BB34362BD239AC00E5C295 /* Preview Content */,
				19A03A482BD26AC100BC5E53 /* Config.xcconfig */,
			);
			path = Bangumi;
			sourceTree = "<group>";
		};
		19BB34362BD239AC00E5C295 /* Preview Content */ = {
			isa = PBXGroup;
			children = (
				19BB34372BD239AC00E5C295 /* Preview Assets.xcassets */,
			);
			path = "Preview Content";
			sourceTree = "<group>";
		};
/* End PBXGroup section */

/* Begin PBXNativeTarget section */
		19BB342A2BD239AB00E5C295 /* Bangumi */ = {
			isa = PBXNativeTarget;
			buildConfigurationList = 19BB343B2BD239AC00E5C295 /* Build configuration list for PBXNativeTarget "Bangumi" */;
			buildPhases = (
				19BB34272BD239AB00E5C295 /* Sources */,
				19BB34282BD239AB00E5C295 /* Frameworks */,
				19BB34292BD239AB00E5C295 /* Resources */,
			);
			buildRules = (
			);
			dependencies = (
			);
			name = Bangumi;
			productName = Bangumi;
			productReference = 19BB342B2BD239AB00E5C295 /* Bangumi.app */;
			productType = "com.apple.product-type.application";
		};
/* End PBXNativeTarget section */

/* Begin PBXProject section */
		19BB34232BD239AB00E5C295 /* Project object */ = {
			isa = PBXProject;
			attributes = {
				BuildIndependentTargetsInParallel = 1;
				LastSwiftUpdateCheck = 1530;
				LastUpgradeCheck = 1530;
				TargetAttributes = {
					19BB342A2BD239AB00E5C295 = {
						CreatedOnToolsVersion = 15.3;
					};
				};
			};
			buildConfigurationList = 19BB34262BD239AB00E5C295 /* Build configuration list for PBXProject "Bangumi" */;
			compatibilityVersion = "Xcode 14.0";
			developmentRegion = en;
			hasScannedForEncodings = 0;
			knownRegions = (
				en,
				Base,
			);
			mainGroup = 19BB34222BD239AB00E5C295;
			productRefGroup = 19BB342C2BD239AB00E5C295 /* Products */;
			projectDirPath = "";
			projectRoot = "";
			targets = (
				19BB342A2BD239AB00E5C295 /* Bangumi */,
			);
		};
/* End PBXProject section */

/* Begin PBXResourcesBuildPhase section */
		19BB34292BD239AB00E5C295 /* Resources */ = {
			isa = PBXResourcesBuildPhase;
			buildActionMask = 2147483647;
			files = (
				19BB34382BD239AC00E5C295 /* Preview Assets.xcassets in Resources */,
				19BB34352BD239AC00E5C295 /* Assets.xcassets in Resources */,
			);
			runOnlyForDeploymentPostprocessing = 0;
		};
/* End PBXResourcesBuildPhase section */

/* Begin PBXSourcesBuildPhase section */
		19BB34272BD239AB00E5C295 /* Sources */ = {
			isa = PBXSourcesBuildPhase;
			buildActionMask = 2147483647;
			files = (
				19BB34312BD239AB00E5C295 /* ContentView.swift in Sources */,
				19A03A4B2BD274EF00BC5E53 /* TimelineView.swift in Sources */,
				19A03A452BD24BA800BC5E53 /* ProgressView.swift in Sources */,
				19A03A562BD4BBF700BC5E53 /* UserCollectionRow.swift in Sources */,
				19A03A532BD49AF600BC5E53 /* Client.swift in Sources */,
				19BB34332BD239AB00E5C295 /* Chii.swift in Sources */,
				19BB342F2BD239AB00E5C295 /* BangumiApp.swift in Sources */,
				19A03A4D2BD2A9BE00BC5E53 /* AuthView.swift in Sources */,
				19A03A472BD24F9700BC5E53 /* DiscoverView.swift in Sources */,
				19A03A512BD49A5F00BC5E53 /* Response.swift in Sources */,
			);
			runOnlyForDeploymentPostprocessing = 0;
		};
/* End PBXSourcesBuildPhase section */

/* Begin XCBuildConfiguration section */
		19BB34392BD239AC00E5C295 /* Debug */ = {
			isa = XCBuildConfiguration;
			baseConfigurationReference = 19A03A482BD26AC100BC5E53 /* Config.xcconfig */;
			buildSettings = {
				ALWAYS_SEARCH_USER_PATHS = NO;
				ASSETCATALOG_COMPILER_GENERATE_SWIFT_ASSET_SYMBOL_EXTENSIONS = YES;
				CLANG_ANALYZER_NONNULL = YES;
				CLANG_ANALYZER_NUMBER_OBJECT_CONVERSION = YES_AGGRESSIVE;
				CLANG_CXX_LANGUAGE_STANDARD = "gnu++20";
				CLANG_ENABLE_MODULES = YES;
				CLANG_ENABLE_OBJC_ARC = YES;
				CLANG_ENABLE_OBJC_WEAK = YES;
				CLANG_WARN_BLOCK_CAPTURE_AUTORELEASING = YES;
				CLANG_WARN_BOOL_CONVERSION = YES;
				CLANG_WARN_COMMA = YES;
				CLANG_WARN_CONSTANT_CONVERSION = YES;
				CLANG_WARN_DEPRECATED_OBJC_IMPLEMENTATIONS = YES;
				CLANG_WARN_DIRECT_OBJC_ISA_USAGE = YES_ERROR;
				CLANG_WARN_DOCUMENTATION_COMMENTS = YES;
				CLANG_WARN_EMPTY_BODY = YES;
				CLANG_WARN_ENUM_CONVERSION = YES;
				CLANG_WARN_INFINITE_RECURSION = YES;
				CLANG_WARN_INT_CONVERSION = YES;
				CLANG_WARN_NON_LITERAL_NULL_CONVERSION = YES;
				CLANG_WARN_OBJC_IMPLICIT_RETAIN_SELF = YES;
				CLANG_WARN_OBJC_LITERAL_CONVERSION = YES;
				CLANG_WARN_OBJC_ROOT_CLASS = YES_ERROR;
				CLANG_WARN_QUOTED_INCLUDE_IN_FRAMEWORK_HEADER = YES;
				CLANG_WARN_RANGE_LOOP_ANALYSIS = YES;
				CLANG_WARN_STRICT_PROTOTYPES = YES;
				CLANG_WARN_SUSPICIOUS_MOVE = YES;
				CLANG_WARN_UNGUARDED_AVAILABILITY = YES_AGGRESSIVE;
				CLANG_WARN_UNREACHABLE_CODE = YES;
				CLANG_WARN__DUPLICATE_METHOD_MATCH = YES;
				COPY_PHASE_STRIP = NO;
				DEBUG_INFORMATION_FORMAT = dwarf;
				ENABLE_STRICT_OBJC_MSGSEND = YES;
				ENABLE_TESTABILITY = YES;
				ENABLE_USER_SCRIPT_SANDBOXING = YES;
				GCC_C_LANGUAGE_STANDARD = gnu17;
				GCC_DYNAMIC_NO_PIC = NO;
				GCC_NO_COMMON_BLOCKS = YES;
				GCC_OPTIMIZATION_LEVEL = 0;
				GCC_PREPROCESSOR_DEFINITIONS = (
					"DEBUG=1",
					"$(inherited)",
				);
				GCC_WARN_64_TO_32_BIT_CONVERSION = YES;
				GCC_WARN_ABOUT_RETURN_TYPE = YES_ERROR;
				GCC_WARN_UNDECLARED_SELECTOR = YES;
				GCC_WARN_UNINITIALIZED_AUTOS = YES_AGGRESSIVE;
				GCC_WARN_UNUSED_FUNCTION = YES;
				GCC_WARN_UNUSED_VARIABLE = YES;
				IPHONEOS_DEPLOYMENT_TARGET = 17.4;
				LOCALIZATION_PREFERS_STRING_CATALOGS = YES;
				MTL_ENABLE_DEBUG_INFO = INCLUDE_SOURCE;
				MTL_FAST_MATH = YES;
				ONLY_ACTIVE_ARCH = YES;
				SDKROOT = iphoneos;
				SWIFT_ACTIVE_COMPILATION_CONDITIONS = "DEBUG $(inherited)";
				SWIFT_OPTIMIZATION_LEVEL = "-Onone";
			};
			name = Debug;
		};
		19BB343A2BD239AC00E5C295 /* Release */ = {
			isa = XCBuildConfiguration;
			baseConfigurationReference = 19A03A482BD26AC100BC5E53 /* Config.xcconfig */;
			buildSettings = {
				ALWAYS_SEARCH_USER_PATHS = NO;
				ASSETCATALOG_COMPILER_GENERATE_SWIFT_ASSET_SYMBOL_EXTENSIONS = YES;
				CLANG_ANALYZER_NONNULL = YES;
				CLANG_ANALYZER_NUMBER_OBJECT_CONVERSION = YES_AGGRESSIVE;
				CLANG_CXX_LANGUAGE_STANDARD = "gnu++20";
				CLANG_ENABLE_MODULES = YES;
				CLANG_ENABLE_OBJC_ARC = YES;
				CLANG_ENABLE_OBJC_WEAK = YES;
				CLANG_WARN_BLOCK_CAPTURE_AUTORELEASING = YES;
				CLANG_WARN_BOOL_CONVERSION = YES;
				CLANG_WARN_COMMA = YES;
				CLANG_WARN_CONSTANT_CONVERSION = YES;
				CLANG_WARN_DEPRECATED_OBJC_IMPLEMENTATIONS = YES;
				CLANG_WARN_DIRECT_OBJC_ISA_USAGE = YES_ERROR;
				CLANG_WARN_DOCUMENTATION_COMMENTS = YES;
				CLANG_WARN_EMPTY_BODY = YES;
				CLANG_WARN_ENUM_CONVERSION = YES;
				CLANG_WARN_INFINITE_RECURSION = YES;
				CLANG_WARN_INT_CONVERSION = YES;
				CLANG_WARN_NON_LITERAL_NULL_CONVERSION = YES;
				CLANG_WARN_OBJC_IMPLICIT_RETAIN_SELF = YES;
				CLANG_WARN_OBJC_LITERAL_CONVERSION = YES;
				CLANG_WARN_OBJC_ROOT_CLASS = YES_ERROR;
				CLANG_WARN_QUOTED_INCLUDE_IN_FRAMEWORK_HEADER = YES;
				CLANG_WARN_RANGE_LOOP_ANALYSIS = YES;
				CLANG_WARN_STRICT_PROTOTYPES = YES;
				CLANG_WARN_SUSPICIOUS_MOVE = YES;
				CLANG_WARN_UNGUARDED_AVAILABILITY = YES_AGGRESSIVE;
				CLANG_WARN_UNREACHABLE_CODE = YES;
				CLANG_WARN__DUPLICATE_METHOD_MATCH = YES;
				COPY_PHASE_STRIP = NO;
				DEBUG_INFORMATION_FORMAT = "dwarf-with-dsym";
				ENABLE_NS_ASSERTIONS = NO;
				ENABLE_STRICT_OBJC_MSGSEND = YES;
				ENABLE_USER_SCRIPT_SANDBOXING = YES;
				GCC_C_LANGUAGE_STANDARD = gnu17;
				GCC_NO_COMMON_BLOCKS = YES;
				GCC_WARN_64_TO_32_BIT_CONVERSION = YES;
				GCC_WARN_ABOUT_RETURN_TYPE = YES_ERROR;
				GCC_WARN_UNDECLARED_SELECTOR = YES;
				GCC_WARN_UNINITIALIZED_AUTOS = YES_AGGRESSIVE;
				GCC_WARN_UNUSED_FUNCTION = YES;
				GCC_WARN_UNUSED_VARIABLE = YES;
				IPHONEOS_DEPLOYMENT_TARGET = 17.4;
				LOCALIZATION_PREFERS_STRING_CATALOGS = YES;
				MTL_ENABLE_DEBUG_INFO = NO;
				MTL_FAST_MATH = YES;
				SDKROOT = iphoneos;
				SWIFT_COMPILATION_MODE = wholemodule;
				VALIDATE_PRODUCT = YES;
			};
			name = Release;
		};
		19BB343C2BD239AC00E5C295 /* Debug */ = {
			isa = XCBuildConfiguration;
			buildSettings = {
				ASSETCATALOG_COMPILER_APPICON_NAME = AppIcon;
				ASSETCATALOG_COMPILER_GLOBAL_ACCENT_COLOR_NAME = AccentColor;
				CODE_SIGN_STYLE = Automatic;
				CURRENT_PROJECT_VERSION = 1;
				DEVELOPMENT_ASSET_PATHS = "\"Bangumi/Preview Content\"";
				DEVELOPMENT_TEAM = 3K5DAJ7QQ9;
				ENABLE_PREVIEWS = YES;
				GENERATE_INFOPLIST_FILE = YES;
				INFOPLIST_FILE = Bangumi/Info.plist;
				INFOPLIST_KEY_CFBundleDisplayName = Bangumi;
				INFOPLIST_KEY_LSApplicationCategoryType = "public.app-category.utilities";
				INFOPLIST_KEY_UIApplicationSceneManifest_Generation = YES;
				INFOPLIST_KEY_UIApplicationSupportsIndirectInputEvents = YES;
				INFOPLIST_KEY_UILaunchScreen_Generation = YES;
				INFOPLIST_KEY_UISupportedInterfaceOrientations_iPad = "UIInterfaceOrientationPortrait UIInterfaceOrientationPortraitUpsideDown UIInterfaceOrientationLandscapeLeft UIInterfaceOrientationLandscapeRight";
				INFOPLIST_KEY_UISupportedInterfaceOrientations_iPhone = "UIInterfaceOrientationPortrait UIInterfaceOrientationLandscapeLeft UIInterfaceOrientationLandscapeRight";
				LD_RUNPATH_SEARCH_PATHS = (
					"$(inherited)",
					"@executable_path/Frameworks",
				);
				MARKETING_VERSION = 1.0;
				PRODUCT_BUNDLE_IDENTIFIER = com.everpcpc.bangumi;
				PRODUCT_NAME = "$(TARGET_NAME)";
				SWIFT_EMIT_LOC_STRINGS = YES;
				SWIFT_VERSION = 5.0;
				TARGETED_DEVICE_FAMILY = "1,2";
			};
			name = Debug;
		};
		19BB343D2BD239AC00E5C295 /* Release */ = {
			isa = XCBuildConfiguration;
			buildSettings = {
				ASSETCATALOG_COMPILER_APPICON_NAME = AppIcon;
				ASSETCATALOG_COMPILER_GLOBAL_ACCENT_COLOR_NAME = AccentColor;
				CODE_SIGN_STYLE = Automatic;
				CURRENT_PROJECT_VERSION = 1;
				DEVELOPMENT_ASSET_PATHS = "\"Bangumi/Preview Content\"";
				DEVELOPMENT_TEAM = 3K5DAJ7QQ9;
				ENABLE_PREVIEWS = YES;
				GENERATE_INFOPLIST_FILE = YES;
				INFOPLIST_FILE = Bangumi/Info.plist;
				INFOPLIST_KEY_CFBundleDisplayName = Bangumi;
				INFOPLIST_KEY_LSApplicationCategoryType = "public.app-category.utilities";
				INFOPLIST_KEY_UIApplicationSceneManifest_Generation = YES;
				INFOPLIST_KEY_UIApplicationSupportsIndirectInputEvents = YES;
				INFOPLIST_KEY_UILaunchScreen_Generation = YES;
				INFOPLIST_KEY_UISupportedInterfaceOrientations_iPad = "UIInterfaceOrientationPortrait UIInterfaceOrientationPortraitUpsideDown UIInterfaceOrientationLandscapeLeft UIInterfaceOrientationLandscapeRight";
				INFOPLIST_KEY_UISupportedInterfaceOrientations_iPhone = "UIInterfaceOrientationPortrait UIInterfaceOrientationLandscapeLeft UIInterfaceOrientationLandscapeRight";
				LD_RUNPATH_SEARCH_PATHS = (
					"$(inherited)",
					"@executable_path/Frameworks",
				);
				MARKETING_VERSION = 1.0;
				PRODUCT_BUNDLE_IDENTIFIER = com.everpcpc.bangumi;
				PRODUCT_NAME = "$(TARGET_NAME)";
				SWIFT_EMIT_LOC_STRINGS = YES;
				SWIFT_VERSION = 5.0;
				TARGETED_DEVICE_FAMILY = "1,2";
			};
			name = Release;
		};
/* End XCBuildConfiguration section */

/* Begin XCConfigurationList section */
		19BB34262BD239AB00E5C295 /* Build configuration list for PBXProject "Bangumi" */ = {
			isa = XCConfigurationList;
			buildConfigurations = (
				19BB34392BD239AC00E5C295 /* Debug */,
				19BB343A2BD239AC00E5C295 /* Release */,
			);
			defaultConfigurationIsVisible = 0;
			defaultConfigurationName = Release;
		};
		19BB343B2BD239AC00E5C295 /* Build configuration list for PBXNativeTarget "Bangumi" */ = {
			isa = XCConfigurationList;
			buildConfigurations = (
				19BB343C2BD239AC00E5C295 /* Debug */,
				19BB343D2BD239AC00E5C295 /* Release */,
			);
			defaultConfigurationIsVisible = 0;
			defaultConfigurationName = Release;
		};
/* End XCConfigurationList section */
	};
	rootObject = 19BB34232BD239AB00E5C295 /* Project object */;
}
