// !$*UTF8*$!
{
	archiveVersion = 1;
	classes = {
	};
	objectVersion = 56;
	objects = {

/* Begin PBXBuildFile section */
		19671C532BDEB55D000B4D99 /* LocalRow.swift in Sources */ = {isa = PBXBuildFile; fileRef = 19671C2D2BDEB55D000B4D99 /* LocalRow.swift */; };
		19671C542BDEB55D000B4D99 /* RemoteRow.swift in Sources */ = {isa = PBXBuildFile; fileRef = 19671C2E2BDEB55D000B4D99 /* RemoteRow.swift */; };
		19671C552BDEB55D000B4D99 /* Collection.swift in Sources */ = {isa = PBXBuildFile; fileRef = 19671C302BDEB55D000B4D99 /* Collection.swift */; };
		19671C562BDEB55D000B4D99 /* Header.swift in Sources */ = {isa = PBXBuildFile; fileRef = 19671C312BDEB55D000B4D99 /* Header.swift */; };
		19671C572BDEB55D000B4D99 /* Rating.swift in Sources */ = {isa = PBXBuildFile; fileRef = 19671C322BDEB55D000B4D99 /* Rating.swift */; };
		19671C582BDEB55D000B4D99 /* View.swift in Sources */ = {isa = PBXBuildFile; fileRef = 19671C332BDEB55D000B4D99 /* View.swift */; };
		19671C592BDEB55D000B4D99 /* Summary.swift in Sources */ = {isa = PBXBuildFile; fileRef = 19671C342BDEB55D000B4D99 /* Summary.swift */; };
		19671C5A2BDEB55D000B4D99 /* Tag.swift in Sources */ = {isa = PBXBuildFile; fileRef = 19671C352BDEB55D000B4D99 /* Tag.swift */; };
		19671C5B2BDEB55D000B4D99 /* CalendarView.swift in Sources */ = {isa = PBXBuildFile; fileRef = 19671C372BDEB55D000B4D99 /* CalendarView.swift */; };
		19671C5C2BDEB55D000B4D99 /* FlowStack.swift in Sources */ = {isa = PBXBuildFile; fileRef = 19671C382BDEB55D000B4D99 /* FlowStack.swift */; };
		19671C5D2BDEB55D000B4D99 /* ImageView.swift in Sources */ = {isa = PBXBuildFile; fileRef = 19671C392BDEB55D000B4D99 /* ImageView.swift */; };
		19671C5E2BDEB55D000B4D99 /* LoadingView.swift in Sources */ = {isa = PBXBuildFile; fileRef = 19671C3A2BDEB55D000B4D99 /* LoadingView.swift */; };
		19671C5F2BDEB55D000B4D99 /* UserCollectionRow.swift in Sources */ = {isa = PBXBuildFile; fileRef = 19671C3B2BDEB55D000B4D99 /* UserCollectionRow.swift */; };
		19671C602BDEB55D000B4D99 /* Basis.swift in Sources */ = {isa = PBXBuildFile; fileRef = 19671C3D2BDEB55D000B4D99 /* Basis.swift */; };
		19671C612BDEB55D000B4D99 /* Chii.swift in Sources */ = {isa = PBXBuildFile; fileRef = 19671C3E2BDEB55D000B4D99 /* Chii.swift */; };
		19671C622BDEB55D000B4D99 /* Client.swift in Sources */ = {isa = PBXBuildFile; fileRef = 19671C3F2BDEB55D000B4D99 /* Client.swift */; };
		19671C632BDEB55D000B4D99 /* Data.swift in Sources */ = {isa = PBXBuildFile; fileRef = 19671C402BDEB55D000B4D99 /* Data.swift */; };
		19671C642BDEB55D000B4D99 /* Mock.swift in Sources */ = {isa = PBXBuildFile; fileRef = 19671C412BDEB55D000B4D99 /* Mock.swift */; };
		19671C652BDEB55D000B4D99 /* Responses.swift in Sources */ = {isa = PBXBuildFile; fileRef = 19671C422BDEB55D000B4D99 /* Responses.swift */; };
		19671C662BDEB55D000B4D99 /* Preview Assets.xcassets in Resources */ = {isa = PBXBuildFile; fileRef = 19671C442BDEB55D000B4D99 /* Preview Assets.xcassets */; };
		19671C672BDEB55D000B4D99 /* subject_anime.json in Resources */ = {isa = PBXBuildFile; fileRef = 19671C452BDEB55D000B4D99 /* subject_anime.json */; };
		19671C682BDEB55D000B4D99 /* user_collection_anime.json in Resources */ = {isa = PBXBuildFile; fileRef = 19671C462BDEB55D000B4D99 /* user_collection_anime.json */; };
		19671C692BDEB55D000B4D99 /* AuthView.swift in Sources */ = {isa = PBXBuildFile; fileRef = 19671C482BDEB55D000B4D99 /* AuthView.swift */; };
		19671C6A2BDEB55D000B4D99 /* ContentView.swift in Sources */ = {isa = PBXBuildFile; fileRef = 19671C492BDEB55D000B4D99 /* ContentView.swift */; };
		19671C6B2BDEB55D000B4D99 /* DiscoverView.swift in Sources */ = {isa = PBXBuildFile; fileRef = 19671C4A2BDEB55D000B4D99 /* DiscoverView.swift */; };
		19671C6C2BDEB55D000B4D99 /* ProgressView.swift in Sources */ = {isa = PBXBuildFile; fileRef = 19671C4B2BDEB55D000B4D99 /* ProgressView.swift */; };
		19671C6D2BDEB55D000B4D99 /* TimelineView.swift in Sources */ = {isa = PBXBuildFile; fileRef = 19671C4C2BDEB55D000B4D99 /* TimelineView.swift */; };
		19671C6E2BDEB55D000B4D99 /* Assets.xcassets in Resources */ = {isa = PBXBuildFile; fileRef = 19671C4E2BDEB55D000B4D99 /* Assets.xcassets */; };
		19671C6F2BDEB55D000B4D99 /* ChobitsApp.swift in Sources */ = {isa = PBXBuildFile; fileRef = 19671C4F2BDEB55D000B4D99 /* ChobitsApp.swift */; };
		19671C702BDEB55D000B4D99 /* Config.xcconfig in Resources */ = {isa = PBXBuildFile; fileRef = 19671C502BDEB55D000B4D99 /* Config.xcconfig */; };
		19671C732BDEB8B1000B4D99 /* KeychainSwift in Frameworks */ = {isa = PBXBuildFile; productRef = 19671C722BDEB8B1000B4D99 /* KeychainSwift */; };
		19671C752BDEB8BD000B4D99 /* CachedAsyncImage in Frameworks */ = {isa = PBXBuildFile; productRef = 19671C742BDEB8BD000B4D99 /* CachedAsyncImage */; };
		19671C782BE1BB72000B4D99 /* search_subject.json in Resources */ = {isa = PBXBuildFile; fileRef = 19671C772BE1BB72000B4D99 /* search_subject.json */; };
		19C2CE5D2BE1E7B10080A056 /* NotFoundView.swift in Sources */ = {isa = PBXBuildFile; fileRef = 19C2CE5C2BE1E7B10080A056 /* NotFoundView.swift */; };
		19C2CE5F2BE2536D0080A056 /* user_collection_book.json in Resources */ = {isa = PBXBuildFile; fileRef = 19C2CE5E2BE2536D0080A056 /* user_collection_book.json */; };
		19C2CE612BE2538A0080A056 /* subject_book.json in Resources */ = {isa = PBXBuildFile; fileRef = 19C2CE602BE2538A0080A056 /* subject_book.json */; };
/* End PBXBuildFile section */

/* Begin PBXFileReference section */
		19671C2D2BDEB55D000B4D99 /* LocalRow.swift */ = {isa = PBXFileReference; fileEncoding = 4; lastKnownFileType = sourcecode.swift; path = LocalRow.swift; sourceTree = "<group>"; };
		19671C2E2BDEB55D000B4D99 /* RemoteRow.swift */ = {isa = PBXFileReference; fileEncoding = 4; lastKnownFileType = sourcecode.swift; path = RemoteRow.swift; sourceTree = "<group>"; };
		19671C302BDEB55D000B4D99 /* Collection.swift */ = {isa = PBXFileReference; fileEncoding = 4; lastKnownFileType = sourcecode.swift; path = Collection.swift; sourceTree = "<group>"; };
		19671C312BDEB55D000B4D99 /* Header.swift */ = {isa = PBXFileReference; fileEncoding = 4; lastKnownFileType = sourcecode.swift; path = Header.swift; sourceTree = "<group>"; };
		19671C322BDEB55D000B4D99 /* Rating.swift */ = {isa = PBXFileReference; fileEncoding = 4; lastKnownFileType = sourcecode.swift; path = Rating.swift; sourceTree = "<group>"; };
		19671C332BDEB55D000B4D99 /* View.swift */ = {isa = PBXFileReference; fileEncoding = 4; lastKnownFileType = sourcecode.swift; path = View.swift; sourceTree = "<group>"; };
		19671C342BDEB55D000B4D99 /* Summary.swift */ = {isa = PBXFileReference; fileEncoding = 4; lastKnownFileType = sourcecode.swift; path = Summary.swift; sourceTree = "<group>"; };
		19671C352BDEB55D000B4D99 /* Tag.swift */ = {isa = PBXFileReference; fileEncoding = 4; lastKnownFileType = sourcecode.swift; path = Tag.swift; sourceTree = "<group>"; };
		19671C372BDEB55D000B4D99 /* CalendarView.swift */ = {isa = PBXFileReference; fileEncoding = 4; lastKnownFileType = sourcecode.swift; path = CalendarView.swift; sourceTree = "<group>"; };
		19671C382BDEB55D000B4D99 /* FlowStack.swift */ = {isa = PBXFileReference; fileEncoding = 4; lastKnownFileType = sourcecode.swift; path = FlowStack.swift; sourceTree = "<group>"; };
		19671C392BDEB55D000B4D99 /* ImageView.swift */ = {isa = PBXFileReference; fileEncoding = 4; lastKnownFileType = sourcecode.swift; path = ImageView.swift; sourceTree = "<group>"; };
		19671C3A2BDEB55D000B4D99 /* LoadingView.swift */ = {isa = PBXFileReference; fileEncoding = 4; lastKnownFileType = sourcecode.swift; path = LoadingView.swift; sourceTree = "<group>"; };
		19671C3B2BDEB55D000B4D99 /* UserCollectionRow.swift */ = {isa = PBXFileReference; fileEncoding = 4; lastKnownFileType = sourcecode.swift; path = UserCollectionRow.swift; sourceTree = "<group>"; };
		19671C3D2BDEB55D000B4D99 /* Basis.swift */ = {isa = PBXFileReference; fileEncoding = 4; lastKnownFileType = sourcecode.swift; path = Basis.swift; sourceTree = "<group>"; };
		19671C3E2BDEB55D000B4D99 /* Chii.swift */ = {isa = PBXFileReference; fileEncoding = 4; lastKnownFileType = sourcecode.swift; path = Chii.swift; sourceTree = "<group>"; };
		19671C3F2BDEB55D000B4D99 /* Client.swift */ = {isa = PBXFileReference; fileEncoding = 4; lastKnownFileType = sourcecode.swift; path = Client.swift; sourceTree = "<group>"; };
		19671C402BDEB55D000B4D99 /* Data.swift */ = {isa = PBXFileReference; fileEncoding = 4; lastKnownFileType = sourcecode.swift; path = Data.swift; sourceTree = "<group>"; };
		19671C412BDEB55D000B4D99 /* Mock.swift */ = {isa = PBXFileReference; fileEncoding = 4; lastKnownFileType = sourcecode.swift; path = Mock.swift; sourceTree = "<group>"; };
		19671C422BDEB55D000B4D99 /* Responses.swift */ = {isa = PBXFileReference; fileEncoding = 4; lastKnownFileType = sourcecode.swift; path = Responses.swift; sourceTree = "<group>"; };
		19671C442BDEB55D000B4D99 /* Preview Assets.xcassets */ = {isa = PBXFileReference; lastKnownFileType = folder.assetcatalog; path = "Preview Assets.xcassets"; sourceTree = "<group>"; };
		19671C452BDEB55D000B4D99 /* subject_anime.json */ = {isa = PBXFileReference; fileEncoding = 4; lastKnownFileType = text.json; path = subject_anime.json; sourceTree = "<group>"; };
		19671C462BDEB55D000B4D99 /* user_collection_anime.json */ = {isa = PBXFileReference; fileEncoding = 4; lastKnownFileType = text.json; path = user_collection_anime.json; sourceTree = "<group>"; };
		19671C482BDEB55D000B4D99 /* AuthView.swift */ = {isa = PBXFileReference; fileEncoding = 4; lastKnownFileType = sourcecode.swift; path = AuthView.swift; sourceTree = "<group>"; };
		19671C492BDEB55D000B4D99 /* ContentView.swift */ = {isa = PBXFileReference; fileEncoding = 4; lastKnownFileType = sourcecode.swift; path = ContentView.swift; sourceTree = "<group>"; };
		19671C4A2BDEB55D000B4D99 /* DiscoverView.swift */ = {isa = PBXFileReference; fileEncoding = 4; lastKnownFileType = sourcecode.swift; path = DiscoverView.swift; sourceTree = "<group>"; };
		19671C4B2BDEB55D000B4D99 /* ProgressView.swift */ = {isa = PBXFileReference; fileEncoding = 4; lastKnownFileType = sourcecode.swift; path = ProgressView.swift; sourceTree = "<group>"; };
		19671C4C2BDEB55D000B4D99 /* TimelineView.swift */ = {isa = PBXFileReference; fileEncoding = 4; lastKnownFileType = sourcecode.swift; path = TimelineView.swift; sourceTree = "<group>"; };
		19671C4E2BDEB55D000B4D99 /* Assets.xcassets */ = {isa = PBXFileReference; lastKnownFileType = folder.assetcatalog; path = Assets.xcassets; sourceTree = "<group>"; };
		19671C4F2BDEB55D000B4D99 /* ChobitsApp.swift */ = {isa = PBXFileReference; fileEncoding = 4; lastKnownFileType = sourcecode.swift; path = ChobitsApp.swift; sourceTree = "<group>"; };
		19671C502BDEB55D000B4D99 /* Config.xcconfig */ = {isa = PBXFileReference; fileEncoding = 4; lastKnownFileType = text.xcconfig; path = Config.xcconfig; sourceTree = "<group>"; };
		19671C512BDEB55D000B4D99 /* Info.plist */ = {isa = PBXFileReference; fileEncoding = 4; lastKnownFileType = text.plist.xml; path = Info.plist; sourceTree = "<group>"; };
		19671C772BE1BB72000B4D99 /* search_subject.json */ = {isa = PBXFileReference; lastKnownFileType = text.json; path = search_subject.json; sourceTree = "<group>"; };
		19BB342B2BD239AB00E5C295 /* Chobits.app */ = {isa = PBXFileReference; explicitFileType = wrapper.application; includeInIndex = 0; path = Chobits.app; sourceTree = BUILT_PRODUCTS_DIR; };
		19C2CE5C2BE1E7B10080A056 /* NotFoundView.swift */ = {isa = PBXFileReference; lastKnownFileType = sourcecode.swift; path = NotFoundView.swift; sourceTree = "<group>"; };
		19C2CE5E2BE2536D0080A056 /* user_collection_book.json */ = {isa = PBXFileReference; lastKnownFileType = text.json; path = user_collection_book.json; sourceTree = "<group>"; };
		19C2CE602BE2538A0080A056 /* subject_book.json */ = {isa = PBXFileReference; lastKnownFileType = text.json; path = subject_book.json; sourceTree = "<group>"; };
/* End PBXFileReference section */

/* Begin PBXFrameworksBuildPhase section */
		19BB34282BD239AB00E5C295 /* Frameworks */ = {
			isa = PBXFrameworksBuildPhase;
			buildActionMask = 2147483647;
			files = (
				19671C732BDEB8B1000B4D99 /* KeychainSwift in Frameworks */,
				19671C752BDEB8BD000B4D99 /* CachedAsyncImage in Frameworks */,
			);
			runOnlyForDeploymentPostprocessing = 0;
		};
/* End PBXFrameworksBuildPhase section */

/* Begin PBXGroup section */
		19671C2F2BDEB55D000B4D99 /* Search */ = {
			isa = PBXGroup;
			children = (
				19671C2D2BDEB55D000B4D99 /* LocalRow.swift */,
				19671C2E2BDEB55D000B4D99 /* RemoteRow.swift */,
			);
			path = Search;
			sourceTree = "<group>";
		};
		19671C362BDEB55D000B4D99 /* Subject */ = {
			isa = PBXGroup;
			children = (
				19671C332BDEB55D000B4D99 /* View.swift */,
				19671C312BDEB55D000B4D99 /* Header.swift */,
				19671C302BDEB55D000B4D99 /* Collection.swift */,
				19671C342BDEB55D000B4D99 /* Summary.swift */,
				19671C322BDEB55D000B4D99 /* Rating.swift */,
				19671C352BDEB55D000B4D99 /* Tag.swift */,
			);
			path = Subject;
			sourceTree = "<group>";
		};
		19671C3C2BDEB55D000B4D99 /* Components */ = {
			isa = PBXGroup;
			children = (
				19671C2F2BDEB55D000B4D99 /* Search */,
				19671C362BDEB55D000B4D99 /* Subject */,
				19671C372BDEB55D000B4D99 /* CalendarView.swift */,
				19671C382BDEB55D000B4D99 /* FlowStack.swift */,
				19671C392BDEB55D000B4D99 /* ImageView.swift */,
				19671C3A2BDEB55D000B4D99 /* LoadingView.swift */,
				19671C3B2BDEB55D000B4D99 /* UserCollectionRow.swift */,
				19C2CE5C2BE1E7B10080A056 /* NotFoundView.swift */,
			);
			path = Components;
			sourceTree = "<group>";
		};
		19671C432BDEB55D000B4D99 /* Models */ = {
			isa = PBXGroup;
			children = (
				19671C3D2BDEB55D000B4D99 /* Basis.swift */,
				19671C3E2BDEB55D000B4D99 /* Chii.swift */,
				19671C3F2BDEB55D000B4D99 /* Client.swift */,
				19671C402BDEB55D000B4D99 /* Data.swift */,
				19671C422BDEB55D000B4D99 /* Responses.swift */,
				19671C412BDEB55D000B4D99 /* Mock.swift */,
			);
			path = Models;
			sourceTree = "<group>";
		};
		19671C472BDEB55D000B4D99 /* Preview Content */ = {
			isa = PBXGroup;
			children = (
				19671C442BDEB55D000B4D99 /* Preview Assets.xcassets */,
				19671C452BDEB55D000B4D99 /* subject_anime.json */,
				19671C462BDEB55D000B4D99 /* user_collection_anime.json */,
				19671C772BE1BB72000B4D99 /* search_subject.json */,
				19C2CE5E2BE2536D0080A056 /* user_collection_book.json */,
				19C2CE602BE2538A0080A056 /* subject_book.json */,
			);
			path = "Preview Content";
			sourceTree = "<group>";
		};
		19671C4D2BDEB55D000B4D99 /* Views */ = {
			isa = PBXGroup;
			children = (
				19671C482BDEB55D000B4D99 /* AuthView.swift */,
				19671C492BDEB55D000B4D99 /* ContentView.swift */,
				19671C4A2BDEB55D000B4D99 /* DiscoverView.swift */,
				19671C4B2BDEB55D000B4D99 /* ProgressView.swift */,
				19671C4C2BDEB55D000B4D99 /* TimelineView.swift */,
			);
			path = Views;
			sourceTree = "<group>";
		};
		19671C522BDEB55D000B4D99 /* Chobits */ = {
			isa = PBXGroup;
			children = (
				19671C3C2BDEB55D000B4D99 /* Components */,
				19671C432BDEB55D000B4D99 /* Models */,
				19671C472BDEB55D000B4D99 /* Preview Content */,
				19671C4D2BDEB55D000B4D99 /* Views */,
				19671C4E2BDEB55D000B4D99 /* Assets.xcassets */,
				19671C4F2BDEB55D000B4D99 /* ChobitsApp.swift */,
				19671C502BDEB55D000B4D99 /* Config.xcconfig */,
				19671C512BDEB55D000B4D99 /* Info.plist */,
			);
			path = Chobits;
			sourceTree = "<group>";
		};
		19BB34222BD239AB00E5C295 = {
			isa = PBXGroup;
			children = (
				19671C522BDEB55D000B4D99 /* Chobits */,
				19BB342C2BD239AB00E5C295 /* Products */,
			);
			sourceTree = "<group>";
		};
		19BB342C2BD239AB00E5C295 /* Products */ = {
			isa = PBXGroup;
			children = (
				19BB342B2BD239AB00E5C295 /* Chobits.app */,
			);
			name = Products;
			sourceTree = "<group>";
		};
/* End PBXGroup section */

/* Begin PBXNativeTarget section */
		19BB342A2BD239AB00E5C295 /* Chobits */ = {
			isa = PBXNativeTarget;
			buildConfigurationList = 19BB343B2BD239AC00E5C295 /* Build configuration list for PBXNativeTarget "Chobits" */;
			buildPhases = (
				19BB34272BD239AB00E5C295 /* Sources */,
				19BB34282BD239AB00E5C295 /* Frameworks */,
				19BB34292BD239AB00E5C295 /* Resources */,
			);
			buildRules = (
			);
			dependencies = (
			);
			name = Chobits;
			packageProductDependencies = (
				19671C722BDEB8B1000B4D99 /* KeychainSwift */,
				19671C742BDEB8BD000B4D99 /* CachedAsyncImage */,
			);
			productName = Chobits;
			productReference = 19BB342B2BD239AB00E5C295 /* Chobits.app */;
			productType = "com.apple.product-type.application";
		};
/* End PBXNativeTarget section */

/* Begin PBXProject section */
		19BB34232BD239AB00E5C295 /* Project object */ = {
			isa = PBXProject;
			attributes = {
				BuildIndependentTargetsInParallel = 1;
				LastSwiftUpdateCheck = 1530;
				LastUpgradeCheck = 1530;
				TargetAttributes = {
					19BB342A2BD239AB00E5C295 = {
						CreatedOnToolsVersion = 15.3;
					};
				};
			};
			buildConfigurationList = 19BB34262BD239AB00E5C295 /* Build configuration list for PBXProject "Bangumi" */;
			compatibilityVersion = "Xcode 14.0";
			developmentRegion = "zh-Hans";
			hasScannedForEncodings = 0;
			knownRegions = (
				Base,
				"zh-Hans",
			);
			mainGroup = 19BB34222BD239AB00E5C295;
			packageReferences = (
				191FEF1C2BDBE3FA0047162A /* XCRemoteSwiftPackageReference "CachedAsyncImage" */,
				191FEF252BDCF59B0047162A /* XCRemoteSwiftPackageReference "keychain-swift" */,
			);
			productRefGroup = 19BB342C2BD239AB00E5C295 /* Products */;
			projectDirPath = "";
			projectRoot = "";
			targets = (
				19BB342A2BD239AB00E5C295 /* Chobits */,
			);
		};
/* End PBXProject section */

/* Begin PBXResourcesBuildPhase section */
		19BB34292BD239AB00E5C295 /* Resources */ = {
			isa = PBXResourcesBuildPhase;
			buildActionMask = 2147483647;
			files = (
				19671C782BE1BB72000B4D99 /* search_subject.json in Resources */,
				19671C682BDEB55D000B4D99 /* user_collection_anime.json in Resources */,
				19671C702BDEB55D000B4D99 /* Config.xcconfig in Resources */,
				19C2CE612BE2538A0080A056 /* subject_book.json in Resources */,
				19C2CE5F2BE2536D0080A056 /* user_collection_book.json in Resources */,
				19671C672BDEB55D000B4D99 /* subject_anime.json in Resources */,
				19671C6E2BDEB55D000B4D99 /* Assets.xcassets in Resources */,
				19671C662BDEB55D000B4D99 /* Preview Assets.xcassets in Resources */,
			);
			runOnlyForDeploymentPostprocessing = 0;
		};
/* End PBXResourcesBuildPhase section */

/* Begin PBXSourcesBuildPhase section */
		19BB34272BD239AB00E5C295 /* Sources */ = {
			isa = PBXSourcesBuildPhase;
			buildActionMask = 2147483647;
			files = (
				19671C652BDEB55D000B4D99 /* Responses.swift in Sources */,
				19671C5A2BDEB55D000B4D99 /* Tag.swift in Sources */,
				19671C6A2BDEB55D000B4D99 /* ContentView.swift in Sources */,
				19671C562BDEB55D000B4D99 /* Header.swift in Sources */,
				19671C582BDEB55D000B4D99 /* View.swift in Sources */,
				19671C6F2BDEB55D000B4D99 /* ChobitsApp.swift in Sources */,
				19671C552BDEB55D000B4D99 /* Collection.swift in Sources */,
				19671C5F2BDEB55D000B4D99 /* UserCollectionRow.swift in Sources */,
				19671C6D2BDEB55D000B4D99 /* TimelineView.swift in Sources */,
				19671C692BDEB55D000B4D99 /* AuthView.swift in Sources */,
				19671C642BDEB55D000B4D99 /* Mock.swift in Sources */,
				19671C5D2BDEB55D000B4D99 /* ImageView.swift in Sources */,
				19671C622BDEB55D000B4D99 /* Client.swift in Sources */,
				19671C5E2BDEB55D000B4D99 /* LoadingView.swift in Sources */,
				19671C572BDEB55D000B4D99 /* Rating.swift in Sources */,
				19C2CE5D2BE1E7B10080A056 /* NotFoundView.swift in Sources */,
				19671C6B2BDEB55D000B4D99 /* DiscoverView.swift in Sources */,
				19671C5B2BDEB55D000B4D99 /* CalendarView.swift in Sources */,
				19671C5C2BDEB55D000B4D99 /* FlowStack.swift in Sources */,
				19671C542BDEB55D000B4D99 /* RemoteRow.swift in Sources */,
				19671C532BDEB55D000B4D99 /* LocalRow.swift in Sources */,
				19671C632BDEB55D000B4D99 /* Data.swift in Sources */,
				19671C602BDEB55D000B4D99 /* Basis.swift in Sources */,
				19671C612BDEB55D000B4D99 /* Chii.swift in Sources */,
				19671C6C2BDEB55D000B4D99 /* ProgressView.swift in Sources */,
				19671C592BDEB55D000B4D99 /* Summary.swift in Sources */,
			);
			runOnlyForDeploymentPostprocessing = 0;
		};
/* End PBXSourcesBuildPhase section */

/* Begin XCBuildConfiguration section */
		19BB34392BD239AC00E5C295 /* Debug */ = {
			isa = XCBuildConfiguration;
			baseConfigurationReference = 19671C502BDEB55D000B4D99 /* Config.xcconfig */;
			buildSettings = {
				ALWAYS_SEARCH_USER_PATHS = NO;
				ASSETCATALOG_COMPILER_GENERATE_SWIFT_ASSET_SYMBOL_EXTENSIONS = YES;
				CLANG_ANALYZER_NONNULL = YES;
				CLANG_ANALYZER_NUMBER_OBJECT_CONVERSION = YES_AGGRESSIVE;
				CLANG_CXX_LANGUAGE_STANDARD = "gnu++20";
				CLANG_ENABLE_MODULES = YES;
				CLANG_ENABLE_OBJC_ARC = YES;
				CLANG_ENABLE_OBJC_WEAK = YES;
				CLANG_WARN_BLOCK_CAPTURE_AUTORELEASING = YES;
				CLANG_WARN_BOOL_CONVERSION = YES;
				CLANG_WARN_COMMA = YES;
				CLANG_WARN_CONSTANT_CONVERSION = YES;
				CLANG_WARN_DEPRECATED_OBJC_IMPLEMENTATIONS = YES;
				CLANG_WARN_DIRECT_OBJC_ISA_USAGE = YES_ERROR;
				CLANG_WARN_DOCUMENTATION_COMMENTS = YES;
				CLANG_WARN_EMPTY_BODY = YES;
				CLANG_WARN_ENUM_CONVERSION = YES;
				CLANG_WARN_INFINITE_RECURSION = YES;
				CLANG_WARN_INT_CONVERSION = YES;
				CLANG_WARN_NON_LITERAL_NULL_CONVERSION = YES;
				CLANG_WARN_OBJC_IMPLICIT_RETAIN_SELF = YES;
				CLANG_WARN_OBJC_LITERAL_CONVERSION = YES;
				CLANG_WARN_OBJC_ROOT_CLASS = YES_ERROR;
				CLANG_WARN_QUOTED_INCLUDE_IN_FRAMEWORK_HEADER = YES;
				CLANG_WARN_RANGE_LOOP_ANALYSIS = YES;
				CLANG_WARN_STRICT_PROTOTYPES = YES;
				CLANG_WARN_SUSPICIOUS_MOVE = YES;
				CLANG_WARN_UNGUARDED_AVAILABILITY = YES_AGGRESSIVE;
				CLANG_WARN_UNREACHABLE_CODE = YES;
				CLANG_WARN__DUPLICATE_METHOD_MATCH = YES;
				COPY_PHASE_STRIP = NO;
				DEBUG_INFORMATION_FORMAT = dwarf;
				ENABLE_STRICT_OBJC_MSGSEND = YES;
				ENABLE_TESTABILITY = YES;
				ENABLE_USER_SCRIPT_SANDBOXING = YES;
				GCC_C_LANGUAGE_STANDARD = gnu17;
				GCC_DYNAMIC_NO_PIC = NO;
				GCC_NO_COMMON_BLOCKS = YES;
				GCC_OPTIMIZATION_LEVEL = 0;
				GCC_PREPROCESSOR_DEFINITIONS = (
					"DEBUG=1",
					"$(inherited)",
				);
				GCC_WARN_64_TO_32_BIT_CONVERSION = YES;
				GCC_WARN_ABOUT_RETURN_TYPE = YES_ERROR;
				GCC_WARN_UNDECLARED_SELECTOR = YES;
				GCC_WARN_UNINITIALIZED_AUTOS = YES_AGGRESSIVE;
				GCC_WARN_UNUSED_FUNCTION = YES;
				GCC_WARN_UNUSED_VARIABLE = YES;
				IPHONEOS_DEPLOYMENT_TARGET = 17.4;
				LOCALIZATION_PREFERS_STRING_CATALOGS = YES;
				MTL_ENABLE_DEBUG_INFO = INCLUDE_SOURCE;
				MTL_FAST_MATH = YES;
				ONLY_ACTIVE_ARCH = YES;
				SDKROOT = iphoneos;
				SWIFT_ACTIVE_COMPILATION_CONDITIONS = "DEBUG $(inherited)";
				SWIFT_OPTIMIZATION_LEVEL = "-Onone";
			};
			name = Debug;
		};
		19BB343A2BD239AC00E5C295 /* Release */ = {
			isa = XCBuildConfiguration;
			baseConfigurationReference = 19671C502BDEB55D000B4D99 /* Config.xcconfig */;
			buildSettings = {
				ALWAYS_SEARCH_USER_PATHS = NO;
				ASSETCATALOG_COMPILER_GENERATE_SWIFT_ASSET_SYMBOL_EXTENSIONS = YES;
				CLANG_ANALYZER_NONNULL = YES;
				CLANG_ANALYZER_NUMBER_OBJECT_CONVERSION = YES_AGGRESSIVE;
				CLANG_CXX_LANGUAGE_STANDARD = "gnu++20";
				CLANG_ENABLE_MODULES = YES;
				CLANG_ENABLE_OBJC_ARC = YES;
				CLANG_ENABLE_OBJC_WEAK = YES;
				CLANG_WARN_BLOCK_CAPTURE_AUTORELEASING = YES;
				CLANG_WARN_BOOL_CONVERSION = YES;
				CLANG_WARN_COMMA = YES;
				CLANG_WARN_CONSTANT_CONVERSION = YES;
				CLANG_WARN_DEPRECATED_OBJC_IMPLEMENTATIONS = YES;
				CLANG_WARN_DIRECT_OBJC_ISA_USAGE = YES_ERROR;
				CLANG_WARN_DOCUMENTATION_COMMENTS = YES;
				CLANG_WARN_EMPTY_BODY = YES;
				CLANG_WARN_ENUM_CONVERSION = YES;
				CLANG_WARN_INFINITE_RECURSION = YES;
				CLANG_WARN_INT_CONVERSION = YES;
				CLANG_WARN_NON_LITERAL_NULL_CONVERSION = YES;
				CLANG_WARN_OBJC_IMPLICIT_RETAIN_SELF = YES;
				CLANG_WARN_OBJC_LITERAL_CONVERSION = YES;
				CLANG_WARN_OBJC_ROOT_CLASS = YES_ERROR;
				CLANG_WARN_QUOTED_INCLUDE_IN_FRAMEWORK_HEADER = YES;
				CLANG_WARN_RANGE_LOOP_ANALYSIS = YES;
				CLANG_WARN_STRICT_PROTOTYPES = YES;
				CLANG_WARN_SUSPICIOUS_MOVE = YES;
				CLANG_WARN_UNGUARDED_AVAILABILITY = YES_AGGRESSIVE;
				CLANG_WARN_UNREACHABLE_CODE = YES;
				CLANG_WARN__DUPLICATE_METHOD_MATCH = YES;
				COPY_PHASE_STRIP = NO;
				DEBUG_INFORMATION_FORMAT = "dwarf-with-dsym";
				ENABLE_NS_ASSERTIONS = NO;
				ENABLE_STRICT_OBJC_MSGSEND = YES;
				ENABLE_USER_SCRIPT_SANDBOXING = YES;
				GCC_C_LANGUAGE_STANDARD = gnu17;
				GCC_NO_COMMON_BLOCKS = YES;
				GCC_WARN_64_TO_32_BIT_CONVERSION = YES;
				GCC_WARN_ABOUT_RETURN_TYPE = YES_ERROR;
				GCC_WARN_UNDECLARED_SELECTOR = YES;
				GCC_WARN_UNINITIALIZED_AUTOS = YES_AGGRESSIVE;
				GCC_WARN_UNUSED_FUNCTION = YES;
				GCC_WARN_UNUSED_VARIABLE = YES;
				IPHONEOS_DEPLOYMENT_TARGET = 17.4;
				LOCALIZATION_PREFERS_STRING_CATALOGS = YES;
				MTL_ENABLE_DEBUG_INFO = NO;
				MTL_FAST_MATH = YES;
				SDKROOT = iphoneos;
				SWIFT_COMPILATION_MODE = wholemodule;
				VALIDATE_PRODUCT = YES;
			};
			name = Release;
		};
		19BB343C2BD239AC00E5C295 /* Debug */ = {
			isa = XCBuildConfiguration;
			buildSettings = {
				ASSETCATALOG_COMPILER_APPICON_NAME = AppIcon;
				ASSETCATALOG_COMPILER_GLOBAL_ACCENT_COLOR_NAME = AccentColor;
				ASSETCATALOG_COMPILER_INCLUDE_ALL_APPICON_ASSETS = NO;
				CODE_SIGN_STYLE = Automatic;
				CURRENT_PROJECT_VERSION = 1;
				DEVELOPMENT_ASSET_PATHS = "\"Chobits/Preview Content\"";
				DEVELOPMENT_TEAM = M777UHWZA4;
				ENABLE_PREVIEWS = YES;
				GENERATE_INFOPLIST_FILE = YES;
				INFOPLIST_FILE = Chobits/Info.plist;
				INFOPLIST_KEY_CFBundleDisplayName = Chobits;
				INFOPLIST_KEY_LSApplicationCategoryType = "public.app-category.utilities";
				INFOPLIST_KEY_UIApplicationSceneManifest_Generation = YES;
				INFOPLIST_KEY_UIApplicationSupportsIndirectInputEvents = YES;
				INFOPLIST_KEY_UILaunchScreen_Generation = YES;
				INFOPLIST_KEY_UISupportedInterfaceOrientations = UIInterfaceOrientationPortrait;
				INFOPLIST_KEY_UISupportedInterfaceOrientations_iPad = "UIInterfaceOrientationLandscapeLeft UIInterfaceOrientationLandscapeRight UIInterfaceOrientationPortrait UIInterfaceOrientationPortraitUpsideDown";
				IPHONEOS_DEPLOYMENT_TARGET = 17.0;
				LD_RUNPATH_SEARCH_PATHS = (
					"$(inherited)",
					"@executable_path/Frameworks",
				);
				MARKETING_VERSION = 1.0.0;
				PRODUCT_BUNDLE_IDENTIFIER = com.everpcpc.chobits;
				PRODUCT_NAME = "$(TARGET_NAME)";
				SWIFT_EMIT_LOC_STRINGS = YES;
				SWIFT_VERSION = 5.0;
				TARGETED_DEVICE_FAMILY = "1,2";
			};
			name = Debug;
		};
		19BB343D2BD239AC00E5C295 /* Release */ = {
			isa = XCBuildConfiguration;
			buildSettings = {
				ASSETCATALOG_COMPILER_APPICON_NAME = AppIcon;
				ASSETCATALOG_COMPILER_GLOBAL_ACCENT_COLOR_NAME = AccentColor;
				ASSETCATALOG_COMPILER_INCLUDE_ALL_APPICON_ASSETS = NO;
				CODE_SIGN_STYLE = Automatic;
				CURRENT_PROJECT_VERSION = 1;
				DEVELOPMENT_ASSET_PATHS = "\"Chobits/Preview Content\"";
				DEVELOPMENT_TEAM = M777UHWZA4;
				ENABLE_PREVIEWS = YES;
				GENERATE_INFOPLIST_FILE = YES;
				INFOPLIST_FILE = Chobits/Info.plist;
				INFOPLIST_KEY_CFBundleDisplayName = Chobits;
				INFOPLIST_KEY_LSApplicationCategoryType = "public.app-category.utilities";
				INFOPLIST_KEY_UIApplicationSceneManifest_Generation = YES;
				INFOPLIST_KEY_UIApplicationSupportsIndirectInputEvents = YES;
				INFOPLIST_KEY_UILaunchScreen_Generation = YES;
				INFOPLIST_KEY_UISupportedInterfaceOrientations = UIInterfaceOrientationPortrait;
				INFOPLIST_KEY_UISupportedInterfaceOrientations_iPad = "UIInterfaceOrientationLandscapeLeft UIInterfaceOrientationLandscapeRight UIInterfaceOrientationPortrait UIInterfaceOrientationPortraitUpsideDown";
				IPHONEOS_DEPLOYMENT_TARGET = 17.0;
				LD_RUNPATH_SEARCH_PATHS = (
					"$(inherited)",
					"@executable_path/Frameworks",
				);
				MARKETING_VERSION = 1.0.0;
				PRODUCT_BUNDLE_IDENTIFIER = com.everpcpc.chobits;
				PRODUCT_NAME = "$(TARGET_NAME)";
				SWIFT_EMIT_LOC_STRINGS = YES;
				SWIFT_VERSION = 5.0;
				TARGETED_DEVICE_FAMILY = "1,2";
			};
			name = Release;
		};
/* End XCBuildConfiguration section */

/* Begin XCConfigurationList section */
		19BB34262BD239AB00E5C295 /* Build configuration list for PBXProject "Bangumi" */ = {
			isa = XCConfigurationList;
			buildConfigurations = (
				19BB34392BD239AC00E5C295 /* Debug */,
				19BB343A2BD239AC00E5C295 /* Release */,
			);
			defaultConfigurationIsVisible = 0;
			defaultConfigurationName = Release;
		};
		19BB343B2BD239AC00E5C295 /* Build configuration list for PBXNativeTarget "Chobits" */ = {
			isa = XCConfigurationList;
			buildConfigurations = (
				19BB343C2BD239AC00E5C295 /* Debug */,
				19BB343D2BD239AC00E5C295 /* Release */,
			);
			defaultConfigurationIsVisible = 0;
			defaultConfigurationName = Release;
		};
/* End XCConfigurationList section */

/* Begin XCRemoteSwiftPackageReference section */
		191FEF1C2BDBE3FA0047162A /* XCRemoteSwiftPackageReference "CachedAsyncImage" */ = {
			isa = XCRemoteSwiftPackageReference;
			repositoryURL = "https://github.com/bullinnyc/CachedAsyncImage";
			requirement = {
				kind = upToNextMajorVersion;
				minimumVersion = 2.6.0;
			};
		};
		191FEF252BDCF59B0047162A /* XCRemoteSwiftPackageReference "keychain-swift" */ = {
			isa = XCRemoteSwiftPackageReference;
			repositoryURL = "https://github.com/evgenyneu/keychain-swift.git";
			requirement = {
				kind = upToNextMajorVersion;
				minimumVersion = 24.0.0;
			};
		};
/* End XCRemoteSwiftPackageReference section */

/* Begin XCSwiftPackageProductDependency section */
		19671C722BDEB8B1000B4D99 /* KeychainSwift */ = {
			isa = XCSwiftPackageProductDependency;
			package = 191FEF252BDCF59B0047162A /* XCRemoteSwiftPackageReference "keychain-swift" */;
			productName = KeychainSwift;
		};
		19671C742BDEB8BD000B4D99 /* CachedAsyncImage */ = {
			isa = XCSwiftPackageProductDependency;
			package = 191FEF1C2BDBE3FA0047162A /* XCRemoteSwiftPackageReference "CachedAsyncImage" */;
			productName = CachedAsyncImage;
		};
/* End XCSwiftPackageProductDependency section */
	};
	rootObject = 19BB34232BD239AB00E5C295 /* Project object */;
}
